PODS:
  - boost (1.76.0)
  - DoubleConversion (1.1.6)
  - FBLazyVector (0.68.2-7)
  - FBReactNativeSpec (0.68.2-7):
    - RCT-Folly (= 2021.06.28.00-v2)
    - RCTRequired (= 0.68.2-7)
    - RCTTypeSafety (= 0.68.2-7)
    - React-Core (= 0.68.2-7)
    - React-jsi (= 0.68.2-7)
    - ReactCommon/turbomodule/core (= 0.68.2-7)
  - fmt (7.1.3)
  - glog (0.3.5)
  - MyNativeView (0.0.1):
    - RCTRequired
    - RCTTypeSafety
    - React
    - React-Codegen
    - React-RCTFabric
    - ReactCommon/turbomodule/core
  - RCT-Folly (2021.06.28.00-v2):
    - boost
    - DoubleConversion
    - fmt
    - glog
    - RCT-Folly/Default (= 2021.06.28.00-v2)
  - RCT-Folly/Default (2021.06.28.00-v2):
    - boost
    - DoubleConversion
    - fmt
    - glog
  - RCT-Folly/Fabric (2021.06.28.00-v2):
    - boost
    - DoubleConversion
    - fmt
    - glog
  - RCTRequired (0.68.2-7)
  - RCTTypeSafety (0.68.2-7):
    - FBLazyVector (= 0.68.2-7)
    - RCT-Folly (= 2021.06.28.00-v2)
    - RCTRequired (= 0.68.2-7)
    - React-Core (= 0.68.2-7)
  - React (0.68.2-7):
    - React-Core (= 0.68.2-7)
    - React-Core/DevSupport (= 0.68.2-7)
    - React-Core/RCTWebSocket (= 0.68.2-7)
    - React-RCTAnimation (= 0.68.2-7)
    - React-RCTBlob (= 0.68.2-7)
    - React-RCTImage (= 0.68.2-7)
    - React-RCTLinking (= 0.68.2-7)
    - React-RCTNetwork (= 0.68.2-7)
    - React-RCTSettings (= 0.68.2-7)
    - React-RCTText (= 0.68.2-7)
  - React-callinvoker (0.68.2-7)
  - React-Codegen (0.68.2-7):
    - FBReactNativeSpec (= 0.68.2-7)
    - RCT-Folly (= 2021.06.28.00-v2)
    - RCTRequired (= 0.68.2-7)
    - RCTTypeSafety (= 0.68.2-7)
    - React-Core (= 0.68.2-7)
    - React-graphics (= 0.68.2-7)
    - React-jsi (= 0.68.2-7)
    - React-jsiexecutor (= 0.68.2-7)
    - React-rncore (= 0.68.2-7)
    - ReactCommon/turbomodule/core (= 0.68.2-7)
  - React-Core (0.68.2-7):
    - glog
    - RCT-Folly (= 2021.06.28.00-v2)
    - React-Core/Default (= 0.68.2-7)
    - React-cxxreact (= 0.68.2-7)
    - React-jsi (= 0.68.2-7)
    - React-jsiexecutor (= 0.68.2-7)
    - React-perflogger (= 0.68.2-7)
    - Yoga
  - React-Core/CoreModulesHeaders (0.68.2-7):
    - glog
    - RCT-Folly (= 2021.06.28.00-v2)
    - React-Core/Default
    - React-cxxreact (= 0.68.2-7)
    - React-jsi (= 0.68.2-7)
    - React-jsiexecutor (= 0.68.2-7)
    - React-perflogger (= 0.68.2-7)
    - Yoga
  - React-Core/Default (0.68.2-7):
    - glog
    - RCT-Folly (= 2021.06.28.00-v2)
    - React-cxxreact (= 0.68.2-7)
    - React-jsi (= 0.68.2-7)
    - React-jsiexecutor (= 0.68.2-7)
    - React-perflogger (= 0.68.2-7)
    - Yoga
  - React-Core/DevSupport (0.68.2-7):
    - glog
    - RCT-Folly (= 2021.06.28.00-v2)
    - React-Core/Default (= 0.68.2-7)
    - React-Core/RCTWebSocket (= 0.68.2-7)
    - React-cxxreact (= 0.68.2-7)
    - React-jsi (= 0.68.2-7)
    - React-jsiexecutor (= 0.68.2-7)
    - React-jsinspector (= 0.68.2-7)
    - React-perflogger (= 0.68.2-7)
    - Yoga
  - React-Core/RCTAnimationHeaders (0.68.2-7):
    - glog
    - RCT-Folly (= 2021.06.28.00-v2)
    - React-Core/Default
    - React-cxxreact (= 0.68.2-7)
    - React-jsi (= 0.68.2-7)
    - React-jsiexecutor (= 0.68.2-7)
    - React-perflogger (= 0.68.2-7)
    - Yoga
  - React-Core/RCTBlobHeaders (0.68.2-7):
    - glog
    - RCT-Folly (= 2021.06.28.00-v2)
    - React-Core/Default
    - React-cxxreact (= 0.68.2-7)
    - React-jsi (= 0.68.2-7)
    - React-jsiexecutor (= 0.68.2-7)
    - React-perflogger (= 0.68.2-7)
    - Yoga
  - React-Core/RCTImageHeaders (0.68.2-7):
    - glog
    - RCT-Folly (= 2021.06.28.00-v2)
    - React-Core/Default
    - React-cxxreact (= 0.68.2-7)
    - React-jsi (= 0.68.2-7)
    - React-jsiexecutor (= 0.68.2-7)
    - React-perflogger (= 0.68.2-7)
    - Yoga
  - React-Core/RCTLinkingHeaders (0.68.2-7):
    - glog
    - RCT-Folly (= 2021.06.28.00-v2)
    - React-Core/Default
    - React-cxxreact (= 0.68.2-7)
    - React-jsi (= 0.68.2-7)
    - React-jsiexecutor (= 0.68.2-7)
    - React-perflogger (= 0.68.2-7)
    - Yoga
  - React-Core/RCTNetworkHeaders (0.68.2-7):
    - glog
    - RCT-Folly (= 2021.06.28.00-v2)
    - React-Core/Default
    - React-cxxreact (= 0.68.2-7)
    - React-jsi (= 0.68.2-7)
    - React-jsiexecutor (= 0.68.2-7)
    - React-perflogger (= 0.68.2-7)
    - Yoga
  - React-Core/RCTPushNotificationHeaders (0.68.2-7):
    - glog
    - RCT-Folly (= 2021.06.28.00-v2)
    - React-Core/Default
    - React-cxxreact (= 0.68.2-7)
    - React-jsi (= 0.68.2-7)
    - React-jsiexecutor (= 0.68.2-7)
    - React-perflogger (= 0.68.2-7)
    - Yoga
  - React-Core/RCTSettingsHeaders (0.68.2-7):
    - glog
    - RCT-Folly (= 2021.06.28.00-v2)
    - React-Core/Default
    - React-cxxreact (= 0.68.2-7)
    - React-jsi (= 0.68.2-7)
    - React-jsiexecutor (= 0.68.2-7)
    - React-perflogger (= 0.68.2-7)
    - Yoga
  - React-Core/RCTTextHeaders (0.68.2-7):
    - glog
    - RCT-Folly (= 2021.06.28.00-v2)
    - React-Core/Default
    - React-cxxreact (= 0.68.2-7)
    - React-jsi (= 0.68.2-7)
    - React-jsiexecutor (= 0.68.2-7)
    - React-perflogger (= 0.68.2-7)
    - Yoga
  - React-Core/RCTWebSocket (0.68.2-7):
    - glog
    - RCT-Folly (= 2021.06.28.00-v2)
    - React-Core/Default (= 0.68.2-7)
    - React-cxxreact (= 0.68.2-7)
    - React-jsi (= 0.68.2-7)
    - React-jsiexecutor (= 0.68.2-7)
    - React-perflogger (= 0.68.2-7)
    - Yoga
  - React-CoreModules (0.68.2-7):
    - RCT-Folly (= 2021.06.28.00-v2)
    - RCTTypeSafety (= 0.68.2-7)
    - React-Codegen (= 0.68.2-7)
    - React-Core/CoreModulesHeaders (= 0.68.2-7)
    - React-jsi (= 0.68.2-7)
    - React-RCTImage (= 0.68.2-7)
    - ReactCommon/turbomodule/core (= 0.68.2-7)
  - React-cxxreact (0.68.2-7):
    - boost (= 1.76.0)
    - DoubleConversion
    - glog
    - RCT-Folly (= 2021.06.28.00-v2)
    - React-callinvoker (= 0.68.2-7)
    - React-jsi (= 0.68.2-7)
    - React-jsinspector (= 0.68.2-7)
    - React-logger (= 0.68.2-7)
    - React-perflogger (= 0.68.2-7)
    - React-runtimeexecutor (= 0.68.2-7)
  - React-Fabric (0.68.2-7):
    - RCT-Folly/Fabric (= 2021.06.28.00-v2)
    - RCTRequired (= 0.68.2-7)
    - RCTTypeSafety (= 0.68.2-7)
    - React-Fabric/animations (= 0.68.2-7)
    - React-Fabric/attributedstring (= 0.68.2-7)
    - React-Fabric/butter (= 0.68.2-7)
    - React-Fabric/componentregistry (= 0.68.2-7)
    - React-Fabric/componentregistrynative (= 0.68.2-7)
    - React-Fabric/components (= 0.68.2-7)
    - React-Fabric/config (= 0.68.2-7)
    - React-Fabric/core (= 0.68.2-7)
    - React-Fabric/debug_core (= 0.68.2-7)
    - React-Fabric/debug_renderer (= 0.68.2-7)
    - React-Fabric/imagemanager (= 0.68.2-7)
    - React-Fabric/leakchecker (= 0.68.2-7)
    - React-Fabric/mounting (= 0.68.2-7)
    - React-Fabric/runtimescheduler (= 0.68.2-7)
    - React-Fabric/scheduler (= 0.68.2-7)
    - React-Fabric/telemetry (= 0.68.2-7)
    - React-Fabric/templateprocessor (= 0.68.2-7)
    - React-Fabric/textlayoutmanager (= 0.68.2-7)
    - React-Fabric/uimanager (= 0.68.2-7)
    - React-Fabric/utils (= 0.68.2-7)
    - React-graphics (= 0.68.2-7)
    - React-jsi (= 0.68.2-7)
    - React-jsiexecutor (= 0.68.2-7)
    - ReactCommon/turbomodule/core (= 0.68.2-7)
  - React-Fabric/animations (0.68.2-7):
    - RCT-Folly/Fabric (= 2021.06.28.00-v2)
    - RCTRequired (= 0.68.2-7)
    - RCTTypeSafety (= 0.68.2-7)
    - React-graphics (= 0.68.2-7)
    - React-jsi (= 0.68.2-7)
    - React-jsiexecutor (= 0.68.2-7)
    - ReactCommon/turbomodule/core (= 0.68.2-7)
  - React-Fabric/attributedstring (0.68.2-7):
    - RCT-Folly/Fabric (= 2021.06.28.00-v2)
    - RCTRequired (= 0.68.2-7)
    - RCTTypeSafety (= 0.68.2-7)
    - React-graphics (= 0.68.2-7)
    - React-jsi (= 0.68.2-7)
    - React-jsiexecutor (= 0.68.2-7)
    - ReactCommon/turbomodule/core (= 0.68.2-7)
  - React-Fabric/butter (0.68.2-7):
    - RCT-Folly/Fabric (= 2021.06.28.00-v2)
    - RCTRequired (= 0.68.2-7)
    - RCTTypeSafety (= 0.68.2-7)
    - React-graphics (= 0.68.2-7)
    - React-jsi (= 0.68.2-7)
    - React-jsiexecutor (= 0.68.2-7)
    - ReactCommon/turbomodule/core (= 0.68.2-7)
  - React-Fabric/componentregistry (0.68.2-7):
    - RCT-Folly/Fabric (= 2021.06.28.00-v2)
    - RCTRequired (= 0.68.2-7)
    - RCTTypeSafety (= 0.68.2-7)
    - React-graphics (= 0.68.2-7)
    - React-jsi (= 0.68.2-7)
    - React-jsiexecutor (= 0.68.2-7)
    - ReactCommon/turbomodule/core (= 0.68.2-7)
  - React-Fabric/componentregistrynative (0.68.2-7):
    - RCT-Folly/Fabric (= 2021.06.28.00-v2)
    - RCTRequired (= 0.68.2-7)
    - RCTTypeSafety (= 0.68.2-7)
    - React-graphics (= 0.68.2-7)
    - React-jsi (= 0.68.2-7)
    - React-jsiexecutor (= 0.68.2-7)
    - ReactCommon/turbomodule/core (= 0.68.2-7)
  - React-Fabric/components (0.68.2-7):
    - RCT-Folly/Fabric (= 2021.06.28.00-v2)
    - RCTRequired (= 0.68.2-7)
    - RCTTypeSafety (= 0.68.2-7)
    - React-Fabric/components/activityindicator (= 0.68.2-7)
    - React-Fabric/components/image (= 0.68.2-7)
    - React-Fabric/components/inputaccessory (= 0.68.2-7)
    - React-Fabric/components/legacyviewmanagerinterop (= 0.68.2-7)
    - React-Fabric/components/modal (= 0.68.2-7)
    - React-Fabric/components/root (= 0.68.2-7)
    - React-Fabric/components/safeareaview (= 0.68.2-7)
    - React-Fabric/components/scrollview (= 0.68.2-7)
    - React-Fabric/components/slider (= 0.68.2-7)
    - React-Fabric/components/text (= 0.68.2-7)
    - React-Fabric/components/textinput (= 0.68.2-7)
    - React-Fabric/components/unimplementedview (= 0.68.2-7)
    - React-Fabric/components/view (= 0.68.2-7)
    - React-graphics (= 0.68.2-7)
    - React-jsi (= 0.68.2-7)
    - React-jsiexecutor (= 0.68.2-7)
    - ReactCommon/turbomodule/core (= 0.68.2-7)
  - React-Fabric/components/activityindicator (0.68.2-7):
    - RCT-Folly/Fabric (= 2021.06.28.00-v2)
    - RCTRequired (= 0.68.2-7)
    - RCTTypeSafety (= 0.68.2-7)
    - React-graphics (= 0.68.2-7)
    - React-jsi (= 0.68.2-7)
    - React-jsiexecutor (= 0.68.2-7)
    - ReactCommon/turbomodule/core (= 0.68.2-7)
  - React-Fabric/components/image (0.68.2-7):
    - RCT-Folly/Fabric (= 2021.06.28.00-v2)
    - RCTRequired (= 0.68.2-7)
    - RCTTypeSafety (= 0.68.2-7)
    - React-graphics (= 0.68.2-7)
    - React-jsi (= 0.68.2-7)
    - React-jsiexecutor (= 0.68.2-7)
    - ReactCommon/turbomodule/core (= 0.68.2-7)
  - React-Fabric/components/inputaccessory (0.68.2-7):
    - RCT-Folly/Fabric (= 2021.06.28.00-v2)
    - RCTRequired (= 0.68.2-7)
    - RCTTypeSafety (= 0.68.2-7)
    - React-graphics (= 0.68.2-7)
    - React-jsi (= 0.68.2-7)
    - React-jsiexecutor (= 0.68.2-7)
    - ReactCommon/turbomodule/core (= 0.68.2-7)
  - React-Fabric/components/legacyviewmanagerinterop (0.68.2-7):
    - RCT-Folly/Fabric (= 2021.06.28.00-v2)
    - RCTRequired (= 0.68.2-7)
    - RCTTypeSafety (= 0.68.2-7)
    - React-graphics (= 0.68.2-7)
    - React-jsi (= 0.68.2-7)
    - React-jsiexecutor (= 0.68.2-7)
    - ReactCommon/turbomodule/core (= 0.68.2-7)
  - React-Fabric/components/modal (0.68.2-7):
    - RCT-Folly/Fabric (= 2021.06.28.00-v2)
    - RCTRequired (= 0.68.2-7)
    - RCTTypeSafety (= 0.68.2-7)
    - React-graphics (= 0.68.2-7)
    - React-jsi (= 0.68.2-7)
    - React-jsiexecutor (= 0.68.2-7)
    - ReactCommon/turbomodule/core (= 0.68.2-7)
  - React-Fabric/components/root (0.68.2-7):
    - RCT-Folly/Fabric (= 2021.06.28.00-v2)
    - RCTRequired (= 0.68.2-7)
    - RCTTypeSafety (= 0.68.2-7)
    - React-graphics (= 0.68.2-7)
    - React-jsi (= 0.68.2-7)
    - React-jsiexecutor (= 0.68.2-7)
    - ReactCommon/turbomodule/core (= 0.68.2-7)
  - React-Fabric/components/safeareaview (0.68.2-7):
    - RCT-Folly/Fabric (= 2021.06.28.00-v2)
    - RCTRequired (= 0.68.2-7)
    - RCTTypeSafety (= 0.68.2-7)
    - React-graphics (= 0.68.2-7)
    - React-jsi (= 0.68.2-7)
    - React-jsiexecutor (= 0.68.2-7)
    - ReactCommon/turbomodule/core (= 0.68.2-7)
  - React-Fabric/components/scrollview (0.68.2-7):
    - RCT-Folly/Fabric (= 2021.06.28.00-v2)
    - RCTRequired (= 0.68.2-7)
    - RCTTypeSafety (= 0.68.2-7)
    - React-graphics (= 0.68.2-7)
    - React-jsi (= 0.68.2-7)
    - React-jsiexecutor (= 0.68.2-7)
    - ReactCommon/turbomodule/core (= 0.68.2-7)
  - React-Fabric/components/slider (0.68.2-7):
    - RCT-Folly/Fabric (= 2021.06.28.00-v2)
    - RCTRequired (= 0.68.2-7)
    - RCTTypeSafety (= 0.68.2-7)
    - React-graphics (= 0.68.2-7)
    - React-jsi (= 0.68.2-7)
    - React-jsiexecutor (= 0.68.2-7)
    - ReactCommon/turbomodule/core (= 0.68.2-7)
  - React-Fabric/components/text (0.68.2-7):
    - RCT-Folly/Fabric (= 2021.06.28.00-v2)
    - RCTRequired (= 0.68.2-7)
    - RCTTypeSafety (= 0.68.2-7)
    - React-graphics (= 0.68.2-7)
    - React-jsi (= 0.68.2-7)
    - React-jsiexecutor (= 0.68.2-7)
    - ReactCommon/turbomodule/core (= 0.68.2-7)
  - React-Fabric/components/textinput (0.68.2-7):
    - RCT-Folly/Fabric (= 2021.06.28.00-v2)
    - RCTRequired (= 0.68.2-7)
    - RCTTypeSafety (= 0.68.2-7)
    - React-graphics (= 0.68.2-7)
    - React-jsi (= 0.68.2-7)
    - React-jsiexecutor (= 0.68.2-7)
    - ReactCommon/turbomodule/core (= 0.68.2-7)
  - React-Fabric/components/unimplementedview (0.68.2-7):
    - RCT-Folly/Fabric (= 2021.06.28.00-v2)
    - RCTRequired (= 0.68.2-7)
    - RCTTypeSafety (= 0.68.2-7)
    - React-graphics (= 0.68.2-7)
    - React-jsi (= 0.68.2-7)
    - React-jsiexecutor (= 0.68.2-7)
    - ReactCommon/turbomodule/core (= 0.68.2-7)
  - React-Fabric/components/view (0.68.2-7):
    - RCT-Folly/Fabric (= 2021.06.28.00-v2)
    - RCTRequired (= 0.68.2-7)
    - RCTTypeSafety (= 0.68.2-7)
    - React-graphics (= 0.68.2-7)
    - React-jsi (= 0.68.2-7)
    - React-jsiexecutor (= 0.68.2-7)
    - ReactCommon/turbomodule/core (= 0.68.2-7)
    - Yoga
  - React-Fabric/config (0.68.2-7):
    - RCT-Folly/Fabric (= 2021.06.28.00-v2)
    - RCTRequired (= 0.68.2-7)
    - RCTTypeSafety (= 0.68.2-7)
    - React-graphics (= 0.68.2-7)
    - React-jsi (= 0.68.2-7)
    - React-jsiexecutor (= 0.68.2-7)
    - ReactCommon/turbomodule/core (= 0.68.2-7)
  - React-Fabric/core (0.68.2-7):
    - RCT-Folly/Fabric (= 2021.06.28.00-v2)
    - RCTRequired (= 0.68.2-7)
    - RCTTypeSafety (= 0.68.2-7)
    - React-graphics (= 0.68.2-7)
    - React-jsi (= 0.68.2-7)
    - React-jsiexecutor (= 0.68.2-7)
    - ReactCommon/turbomodule/core (= 0.68.2-7)
  - React-Fabric/debug_core (0.68.2-7):
    - RCT-Folly/Fabric (= 2021.06.28.00-v2)
    - RCTRequired (= 0.68.2-7)
    - RCTTypeSafety (= 0.68.2-7)
    - React-graphics (= 0.68.2-7)
    - React-jsi (= 0.68.2-7)
    - React-jsiexecutor (= 0.68.2-7)
    - ReactCommon/turbomodule/core (= 0.68.2-7)
  - React-Fabric/debug_renderer (0.68.2-7):
    - RCT-Folly/Fabric (= 2021.06.28.00-v2)
    - RCTRequired (= 0.68.2-7)
    - RCTTypeSafety (= 0.68.2-7)
    - React-graphics (= 0.68.2-7)
    - React-jsi (= 0.68.2-7)
    - React-jsiexecutor (= 0.68.2-7)
    - ReactCommon/turbomodule/core (= 0.68.2-7)
  - React-Fabric/imagemanager (0.68.2-7):
    - RCT-Folly/Fabric (= 2021.06.28.00-v2)
    - RCTRequired (= 0.68.2-7)
    - RCTTypeSafety (= 0.68.2-7)
    - React-graphics (= 0.68.2-7)
    - React-jsi (= 0.68.2-7)
    - React-jsiexecutor (= 0.68.2-7)
    - React-RCTImage (= 0.68.2-7)
    - ReactCommon/turbomodule/core (= 0.68.2-7)
  - React-Fabric/leakchecker (0.68.2-7):
    - RCT-Folly/Fabric (= 2021.06.28.00-v2)
    - RCTRequired (= 0.68.2-7)
    - RCTTypeSafety (= 0.68.2-7)
    - React-graphics (= 0.68.2-7)
    - React-jsi (= 0.68.2-7)
    - React-jsiexecutor (= 0.68.2-7)
    - ReactCommon/turbomodule/core (= 0.68.2-7)
  - React-Fabric/mounting (0.68.2-7):
    - RCT-Folly/Fabric (= 2021.06.28.00-v2)
    - RCTRequired (= 0.68.2-7)
    - RCTTypeSafety (= 0.68.2-7)
    - React-graphics (= 0.68.2-7)
    - React-jsi (= 0.68.2-7)
    - React-jsiexecutor (= 0.68.2-7)
    - ReactCommon/turbomodule/core (= 0.68.2-7)
  - React-Fabric/runtimescheduler (0.68.2-7):
    - RCT-Folly/Fabric (= 2021.06.28.00-v2)
    - RCTRequired (= 0.68.2-7)
    - RCTTypeSafety (= 0.68.2-7)
    - React-graphics (= 0.68.2-7)
    - React-jsi (= 0.68.2-7)
    - React-jsiexecutor (= 0.68.2-7)
    - ReactCommon/turbomodule/core (= 0.68.2-7)
  - React-Fabric/scheduler (0.68.2-7):
    - RCT-Folly/Fabric (= 2021.06.28.00-v2)
    - RCTRequired (= 0.68.2-7)
    - RCTTypeSafety (= 0.68.2-7)
    - React-graphics (= 0.68.2-7)
    - React-jsi (= 0.68.2-7)
    - React-jsiexecutor (= 0.68.2-7)
    - ReactCommon/turbomodule/core (= 0.68.2-7)
  - React-Fabric/telemetry (0.68.2-7):
    - RCT-Folly/Fabric (= 2021.06.28.00-v2)
    - RCTRequired (= 0.68.2-7)
    - RCTTypeSafety (= 0.68.2-7)
    - React-graphics (= 0.68.2-7)
    - React-jsi (= 0.68.2-7)
    - React-jsiexecutor (= 0.68.2-7)
    - ReactCommon/turbomodule/core (= 0.68.2-7)
  - React-Fabric/templateprocessor (0.68.2-7):
    - RCT-Folly/Fabric (= 2021.06.28.00-v2)
    - RCTRequired (= 0.68.2-7)
    - RCTTypeSafety (= 0.68.2-7)
    - React-graphics (= 0.68.2-7)
    - React-jsi (= 0.68.2-7)
    - React-jsiexecutor (= 0.68.2-7)
    - ReactCommon/turbomodule/core (= 0.68.2-7)
  - React-Fabric/textlayoutmanager (0.68.2-7):
    - RCT-Folly/Fabric (= 2021.06.28.00-v2)
    - RCTRequired (= 0.68.2-7)
    - RCTTypeSafety (= 0.68.2-7)
    - React-Fabric/uimanager
    - React-graphics (= 0.68.2-7)
    - React-jsi (= 0.68.2-7)
    - React-jsiexecutor (= 0.68.2-7)
    - ReactCommon/turbomodule/core (= 0.68.2-7)
  - React-Fabric/uimanager (0.68.2-7):
    - RCT-Folly/Fabric (= 2021.06.28.00-v2)
    - RCTRequired (= 0.68.2-7)
    - RCTTypeSafety (= 0.68.2-7)
    - React-graphics (= 0.68.2-7)
    - React-jsi (= 0.68.2-7)
    - React-jsiexecutor (= 0.68.2-7)
    - ReactCommon/turbomodule/core (= 0.68.2-7)
  - React-Fabric/utils (0.68.2-7):
    - RCT-Folly/Fabric (= 2021.06.28.00-v2)
    - RCTRequired (= 0.68.2-7)
    - RCTTypeSafety (= 0.68.2-7)
    - React-graphics (= 0.68.2-7)
    - React-jsi (= 0.68.2-7)
    - React-jsiexecutor (= 0.68.2-7)
    - ReactCommon/turbomodule/core (= 0.68.2-7)
  - React-graphics (0.68.2-7):
    - RCT-Folly/Fabric (= 2021.06.28.00-v2)
    - React-Core/Default (= 0.68.2-7)
  - React-jsi (0.68.2-7):
    - boost (= 1.76.0)
    - DoubleConversion
    - glog
    - RCT-Folly (= 2021.06.28.00-v2)
    - React-jsi/Default (= 0.68.2-7)
  - React-jsi/Default (0.68.2-7):
    - boost (= 1.76.0)
    - DoubleConversion
    - glog
    - RCT-Folly (= 2021.06.28.00-v2)
  - React-jsi/Fabric (0.68.2-7):
    - boost (= 1.76.0)
    - DoubleConversion
    - glog
    - RCT-Folly (= 2021.06.28.00-v2)
  - React-jsiexecutor (0.68.2-7):
    - DoubleConversion
    - glog
    - RCT-Folly (= 2021.06.28.00-v2)
    - React-cxxreact (= 0.68.2-7)
    - React-jsi (= 0.68.2-7)
    - React-perflogger (= 0.68.2-7)
  - React-jsinspector (0.68.2-7)
  - React-logger (0.68.2-7):
    - glog
  - React-perflogger (0.68.2-7)
  - React-RCTAnimation (0.68.2-7):
    - RCT-Folly (= 2021.06.28.00-v2)
    - RCTTypeSafety (= 0.68.2-7)
    - React-Codegen (= 0.68.2-7)
    - React-Core/RCTAnimationHeaders (= 0.68.2-7)
    - React-jsi (= 0.68.2-7)
    - ReactCommon/turbomodule/core (= 0.68.2-7)
  - React-RCTBlob (0.68.2-7):
    - RCT-Folly (= 2021.06.28.00-v2)
    - React-Codegen (= 0.68.2-7)
    - React-Core/RCTBlobHeaders (= 0.68.2-7)
    - React-Core/RCTWebSocket (= 0.68.2-7)
    - React-jsi (= 0.68.2-7)
    - React-RCTNetwork (= 0.68.2-7)
    - ReactCommon/turbomodule/core (= 0.68.2-7)
  - React-RCTFabric (0.68.2-7):
    - RCT-Folly/Fabric (= 2021.06.28.00-v2)
    - React-Core (= 0.68.2-7)
    - React-Fabric (= 0.68.2-7)
    - React-RCTImage (= 0.68.2-7)
  - React-RCTImage (0.68.2-7):
    - RCT-Folly (= 2021.06.28.00-v2)
    - RCTTypeSafety (= 0.68.2-7)
    - React-Codegen (= 0.68.2-7)
    - React-Core/RCTImageHeaders (= 0.68.2-7)
    - React-jsi (= 0.68.2-7)
    - React-RCTNetwork (= 0.68.2-7)
    - ReactCommon/turbomodule/core (= 0.68.2-7)
  - React-RCTLinking (0.68.2-7):
    - React-Codegen (= 0.68.2-7)
    - React-Core/RCTLinkingHeaders (= 0.68.2-7)
    - React-jsi (= 0.68.2-7)
    - ReactCommon/turbomodule/core (= 0.68.2-7)
  - React-RCTNetwork (0.68.2-7):
    - RCT-Folly (= 2021.06.28.00-v2)
    - RCTTypeSafety (= 0.68.2-7)
    - React-Codegen (= 0.68.2-7)
    - React-Core/RCTNetworkHeaders (= 0.68.2-7)
    - React-jsi (= 0.68.2-7)
    - ReactCommon/turbomodule/core (= 0.68.2-7)
  - React-RCTPushNotification (0.68.2-7):
    - RCTTypeSafety (= 0.68.2-7)
    - React-Codegen (= 0.68.2-7)
    - React-Core/RCTPushNotificationHeaders (= 0.68.2-7)
    - React-jsi (= 0.68.2-7)
    - ReactCommon/turbomodule/core (= 0.68.2-7)
  - React-RCTSettings (0.68.2-7):
    - RCT-Folly (= 2021.06.28.00-v2)
    - RCTTypeSafety (= 0.68.2-7)
    - React-Codegen (= 0.68.2-7)
    - React-Core/RCTSettingsHeaders (= 0.68.2-7)
    - React-jsi (= 0.68.2-7)
    - ReactCommon/turbomodule/core (= 0.68.2-7)
  - React-RCTTest (0.68.2-7):
    - RCT-Folly (= 2021.06.28.00-v2)
    - React-Core (= 0.68.2-7)
    - React-CoreModules (= 0.68.2-7)
    - React-jsi (= 0.68.2-7)
    - ReactCommon/turbomodule/core (= 0.68.2-7)
  - React-RCTText (0.68.2-7):
    - React-Core/RCTTextHeaders (= 0.68.2-7)
  - React-rncore (0.68.2-7)
  - React-runtimeexecutor (0.68.2-7):
    - React-jsi (= 0.68.2-7)
  - ReactCommon/turbomodule/core (0.68.2-7):
    - DoubleConversion
    - glog
    - RCT-Folly (= 2021.06.28.00-v2)
    - React-callinvoker (= 0.68.2-7)
    - React-Core (= 0.68.2-7)
    - React-cxxreact (= 0.68.2-7)
    - React-jsi (= 0.68.2-7)
    - React-logger (= 0.68.2-7)
    - React-perflogger (= 0.68.2-7)
  - ReactCommon/turbomodule/samples (0.68.2-7):
    - DoubleConversion
    - glog
    - RCT-Folly (= 2021.06.28.00-v2)
    - React-callinvoker (= 0.68.2-7)
    - React-Core (= 0.68.2-7)
    - React-cxxreact (= 0.68.2-7)
    - React-jsi (= 0.68.2-7)
    - React-logger (= 0.68.2-7)
    - React-perflogger (= 0.68.2-7)
    - ReactCommon/turbomodule/core (= 0.68.2-7)
  - ScreenshotManager (0.0.1):
    - RCT-Folly (= 2021.06.28.00-v2)
    - React-Core
  - Yoga (1.14.0)

DEPENDENCIES:
  - boost (from `../../third-party-podspecs/boost.podspec`)
  - DoubleConversion (from `../../third-party-podspecs/DoubleConversion.podspec`)
  - FBLazyVector (from `../../Libraries/FBLazyVector`)
  - FBReactNativeSpec (from `../../React/FBReactNativeSpec`)
  - fmt (from `../../third-party-podspecs/fmt.podspec`)
  - glog (from `../../third-party-podspecs/glog.podspec`)
  - MyNativeView (from `NativeComponentExample`)
  - RCT-Folly (from `../../third-party-podspecs/RCT-Folly.podspec`)
  - RCT-Folly/Fabric (from `../../third-party-podspecs/RCT-Folly.podspec`)
  - RCTRequired (from `../../Libraries/RCTRequired`)
  - RCTTypeSafety (from `../../Libraries/TypeSafety`)
  - React (from `../../`)
  - React-callinvoker (from `../../ReactCommon/callinvoker`)
  - React-Codegen (from `build/generated/ios`)
  - React-Core (from `../../`)
  - React-Core/DevSupport (from `../../`)
  - React-Core/RCTWebSocket (from `../../`)
  - React-CoreModules (from `../../React/CoreModules`)
  - React-cxxreact (from `../../ReactCommon/cxxreact`)
  - React-Fabric (from `../../ReactCommon`)
  - React-graphics (from `../../ReactCommon/react/renderer/graphics`)
  - React-jsi (from `../../ReactCommon/jsi`)
  - React-jsi/Fabric (from `../../ReactCommon/jsi`)
  - React-jsiexecutor (from `../../ReactCommon/jsiexecutor`)
  - React-jsinspector (from `../../ReactCommon/jsinspector`)
  - React-logger (from `../../ReactCommon/logger`)
  - React-perflogger (from `../../ReactCommon/reactperflogger`)
  - React-RCTAnimation (from `../../Libraries/NativeAnimation`)
  - React-RCTBlob (from `../../Libraries/Blob`)
  - React-RCTFabric (from `../../React`)
  - React-RCTImage (from `../../Libraries/Image`)
  - React-RCTLinking (from `../../Libraries/LinkingIOS`)
  - React-RCTNetwork (from `../../Libraries/Network`)
  - React-RCTPushNotification (from `../../Libraries/PushNotificationIOS`)
  - React-RCTSettings (from `../../Libraries/Settings`)
  - React-RCTTest (from `./RCTTest`)
  - React-RCTText (from `../../Libraries/Text`)
  - React-rncore (from `../../ReactCommon`)
  - React-runtimeexecutor (from `../../ReactCommon/runtimeexecutor`)
  - ReactCommon/turbomodule/core (from `../../ReactCommon`)
  - ReactCommon/turbomodule/samples (from `../../ReactCommon`)
  - ScreenshotManager (from `NativeModuleExample`)
  - Yoga (from `../../ReactCommon/yoga`)

EXTERNAL SOURCES:
  boost:
    :podspec: "../../third-party-podspecs/boost.podspec"
  DoubleConversion:
    :podspec: "../../third-party-podspecs/DoubleConversion.podspec"
  FBLazyVector:
    :path: "../../Libraries/FBLazyVector"
  FBReactNativeSpec:
    :path: "../../React/FBReactNativeSpec"
  fmt:
    :podspec: "../../third-party-podspecs/fmt.podspec"
  glog:
    :podspec: "../../third-party-podspecs/glog.podspec"
  MyNativeView:
    :path: NativeComponentExample
  RCT-Folly:
    :podspec: "../../third-party-podspecs/RCT-Folly.podspec"
  RCTRequired:
    :path: "../../Libraries/RCTRequired"
  RCTTypeSafety:
    :path: "../../Libraries/TypeSafety"
  React:
    :path: "../../"
  React-callinvoker:
    :path: "../../ReactCommon/callinvoker"
  React-Codegen:
    :path: build/generated/ios
  React-Core:
    :path: "../../"
  React-CoreModules:
    :path: "../../React/CoreModules"
  React-cxxreact:
    :path: "../../ReactCommon/cxxreact"
  React-Fabric:
    :path: "../../ReactCommon"
  React-graphics:
    :path: "../../ReactCommon/react/renderer/graphics"
  React-jsi:
    :path: "../../ReactCommon/jsi"
  React-jsiexecutor:
    :path: "../../ReactCommon/jsiexecutor"
  React-jsinspector:
    :path: "../../ReactCommon/jsinspector"
  React-logger:
    :path: "../../ReactCommon/logger"
  React-perflogger:
    :path: "../../ReactCommon/reactperflogger"
  React-RCTAnimation:
    :path: "../../Libraries/NativeAnimation"
  React-RCTBlob:
    :path: "../../Libraries/Blob"
  React-RCTFabric:
    :path: "../../React"
  React-RCTImage:
    :path: "../../Libraries/Image"
  React-RCTLinking:
    :path: "../../Libraries/LinkingIOS"
  React-RCTNetwork:
    :path: "../../Libraries/Network"
  React-RCTPushNotification:
    :path: "../../Libraries/PushNotificationIOS"
  React-RCTSettings:
    :path: "../../Libraries/Settings"
  React-RCTTest:
    :path: "./RCTTest"
  React-RCTText:
    :path: "../../Libraries/Text"
  React-rncore:
    :path: "../../ReactCommon"
  React-runtimeexecutor:
    :path: "../../ReactCommon/runtimeexecutor"
  ReactCommon:
    :path: "../../ReactCommon"
  ScreenshotManager:
    :path: NativeModuleExample
  Yoga:
    :path: "../../ReactCommon/yoga"

SPEC CHECKSUMS:
  boost: a7c83b31436843459a1961bfd74b96033dc77234
  DoubleConversion: 1d2f3470dfd56717030d0855f8332361bbd85236
  FBLazyVector: f78e9854b5205a3914cd64abd930eee3883dcf9b
  FBReactNativeSpec: b12adf6de562c9afbdb0e484556a0221466b1dd8
  fmt: 135c0c55547979f715b56dfa54037ececa96d07a
  glog: 5b768715ae7bf8149e9d269089c22585cee27eb7
  MyNativeView: d444ad6ef53ee30c13693e0e61435a2378027686
  RCT-Folly: 5b616707d7d51519bd8d59b3e11f15df58f54df7
  RCTRequired: 5685592119aaa9114c119b236f86d3f345fbf373
  RCTTypeSafety: 8de674f9f0bbc1fe761b1ee0fd6522166538fcbb
  React: e0fe164dd07de345dfe8d284bce37dc9ab4ce1a2
  React-callinvoker: 66ada3b9e779d0ad5ef861887118268a8b05156b
  React-Codegen: b8d5beb522bd56915282d711fb29327a8210709a
  React-Core: b1d254fe76e5d26cec40b464770fca8d0716aa4b
  React-CoreModules: 4120756db0d963f0fd843aa936114285fb050fa1
  React-cxxreact: c87d416a453280354617d3cac76ac8af90864615
  React-Fabric: c9e56529f0d4f4f1bba2fc63ce5048fab0d156d8
  React-graphics: 4b754b2254477bbfd6af478f29b989ded7adf96d
  React-jsi: f3f4d7f88d2f59860bd3f0742bc055c04f6fd944
  React-jsiexecutor: a37300f633f7c46b1712f58da381503576ea5537
  React-jsinspector: fb995dee8ccb59304ed254761a4223f4ee2812a2
  React-logger: 57286d6cb331ed39f81ecd8a857a6f19a51607de
  React-perflogger: cf759440b67ed4d752289219c50c3f6f77aec5cd
  React-RCTAnimation: ac505c25cae8748377d397ebd52bc4e0a91f1e74
  React-RCTBlob: 9fac02e5634944fede99f4094ba9242e72e5e245
  React-RCTFabric: 109e324181559efc9dd93e00eb8c29436e5924d1
  React-RCTImage: 3ce893989e406e813ff054ac77bafa5ba4e2684b
  React-RCTLinking: abee31eb4cceac140374b30cc4c09c4abc714301
  React-RCTNetwork: 32eab71f9a73b5d0a6ec5fda4fdfdac6c3872fe7
  React-RCTPushNotification: 0e7880d624019efad5444dab136c5d926d2c64ec
  React-RCTSettings: eeb7906f26f3f42e5f31a9175b9f41eb011a045f
  React-RCTTest: cf366b51b22de9321092a8f1e2d024a023661bae
  React-RCTText: 2213eb207ed5d3e20c608298fb734d58775330a8
  React-rncore: 53e8627a7618eae3453017c5f8a5ea674ed45391
  React-runtimeexecutor: f13d9acfbcfded794a884fa3183bf7c7011a9c0a
  ReactCommon: 6bc7244796d53334c89dd306bff7aec3ab2cc128
  ScreenshotManager: ca5665635b55ad273242997f596423baeff0bd25
  Yoga: 5a878f9553cbc1fec37cef95c06a08a96c6892e7

PODFILE CHECKSUM: 23bf25456b2a7828b602665137628e646335e623

COCOAPODS: 1.11.3
