PODS:
  - boost (1.76.0)
  - DoubleConversion (1.1.6)
  - FBLazyVector (0.71.8-0rc2)
  - FBReactNativeSpec (0.71.8-0rc2):
    - RCT-Folly (= 2021.07.22.00)
    - RCTRequired (= 0.71.8-0rc2)
    - RCTTypeSafety (= 0.71.8-0rc2)
    - React-Core (= 0.71.8-0rc2)
    - React-jsi (= 0.71.8-0rc2)
    - ReactCommon/turbomodule/core (= 0.71.8-0rc2)
  - fmt (7.1.3)
  - glog (0.3.5)
  - hermes-engine (0.71.8-0rc2):
    - hermes-engine/Pre-built (= 0.71.8-0rc2)
  - hermes-engine/Pre-built (0.71.8-0rc2)
  - libevent (2.1.12.1)
  - RCT-Folly (2021.07.22.00):
    - boost
    - DoubleConversion
    - fmt
    - glog
    - RCT-Folly/Default (= 2021.07.22.00)
  - RCT-Folly/Default (2021.07.22.00):
    - boost
    - DoubleConversion
    - fmt
    - glog
  - RCT-Folly/Fabric (2021.07.22.00):
    - boost
    - DoubleConversion
    - fmt
    - glog
  - RCT-Folly/Futures (2021.07.22.00):
    - boost
    - DoubleConversion
    - fmt
    - glog
    - libevent
  - RCTRequired (0.71.8-0rc2)
  - RCTTypeSafety (0.71.8-0rc2):
    - FBLazyVector (= 0.71.8-0rc2)
    - RCTRequired (= 0.71.8-0rc2)
    - React-Core (= 0.71.8-0rc2)
  - React (0.71.8-0rc2):
    - React-Core (= 0.71.8-0rc2)
    - React-Core/DevSupport (= 0.71.8-0rc2)
    - React-Core/RCTWebSocket (= 0.71.8-0rc2)
    - React-RCTAnimation (= 0.71.8-0rc2)
    - React-RCTBlob (= 0.71.8-0rc2)
    - React-RCTImage (= 0.71.8-0rc2)
    - React-RCTLinking (= 0.71.8-0rc2)
    - React-RCTNetwork (= 0.71.8-0rc2)
    - React-RCTSettings (= 0.71.8-0rc2)
    - React-RCTText (= 0.71.8-0rc2)
  - React-callinvoker (0.71.8-0rc2)
  - React-Codegen (0.71.8-0rc2):
    - FBReactNativeSpec
    - hermes-engine
    - RCT-Folly
    - RCTRequired
    - RCTTypeSafety
    - React-Core
    - React-graphics
    - React-jsi
    - React-jsiexecutor
    - React-rncore
    - ReactCommon/turbomodule/bridging
    - ReactCommon/turbomodule/core
  - React-Core (0.71.8-0rc2):
    - glog
    - hermes-engine
    - RCT-Folly (= 2021.07.22.00)
    - React-Core/Default (= 0.71.8-0rc2)
    - React-cxxreact (= 0.71.8-0rc2)
    - React-hermes
    - React-jsi (= 0.71.8-0rc2)
    - React-jsiexecutor (= 0.71.8-0rc2)
    - React-perflogger (= 0.71.8-0rc2)
    - Yoga
  - React-Core/CoreModulesHeaders (0.71.8-0rc2):
    - glog
    - hermes-engine
    - RCT-Folly (= 2021.07.22.00)
    - React-Core/Default
    - React-cxxreact (= 0.71.8-0rc2)
    - React-hermes
    - React-jsi (= 0.71.8-0rc2)
    - React-jsiexecutor (= 0.71.8-0rc2)
    - React-perflogger (= 0.71.8-0rc2)
    - Yoga
  - React-Core/Default (0.71.8-0rc2):
    - glog
    - hermes-engine
    - RCT-Folly (= 2021.07.22.00)
    - React-cxxreact (= 0.71.8-0rc2)
    - React-hermes
    - React-jsi (= 0.71.8-0rc2)
    - React-jsiexecutor (= 0.71.8-0rc2)
    - React-perflogger (= 0.71.8-0rc2)
    - Yoga
  - React-Core/DevSupport (0.71.8-0rc2):
    - glog
    - hermes-engine
    - RCT-Folly (= 2021.07.22.00)
    - React-Core/Default (= 0.71.8-0rc2)
    - React-Core/RCTWebSocket (= 0.71.8-0rc2)
    - React-cxxreact (= 0.71.8-0rc2)
    - React-hermes
    - React-jsi (= 0.71.8-0rc2)
    - React-jsiexecutor (= 0.71.8-0rc2)
    - React-jsinspector (= 0.71.8-0rc2)
    - React-perflogger (= 0.71.8-0rc2)
    - Yoga
  - React-Core/RCTActionSheetHeaders (0.71.8-0rc2):
    - glog
    - hermes-engine
    - RCT-Folly (= 2021.07.22.00)
    - React-Core/Default
    - React-cxxreact (= 0.71.8-0rc2)
    - React-hermes
    - React-jsi (= 0.71.8-0rc2)
    - React-jsiexecutor (= 0.71.8-0rc2)
    - React-perflogger (= 0.71.8-0rc2)
    - Yoga
  - React-Core/RCTAnimationHeaders (0.71.8-0rc2):
    - glog
    - hermes-engine
    - RCT-Folly (= 2021.07.22.00)
    - React-Core/Default
    - React-cxxreact (= 0.71.8-0rc2)
    - React-hermes
    - React-jsi (= 0.71.8-0rc2)
    - React-jsiexecutor (= 0.71.8-0rc2)
    - React-perflogger (= 0.71.8-0rc2)
    - Yoga
  - React-Core/RCTBlobHeaders (0.71.8-0rc2):
    - glog
    - hermes-engine
    - RCT-Folly (= 2021.07.22.00)
    - React-Core/Default
    - React-cxxreact (= 0.71.8-0rc2)
    - React-hermes
    - React-jsi (= 0.71.8-0rc2)
    - React-jsiexecutor (= 0.71.8-0rc2)
    - React-perflogger (= 0.71.8-0rc2)
    - Yoga
  - React-Core/RCTImageHeaders (0.71.8-0rc2):
    - glog
    - hermes-engine
    - RCT-Folly (= 2021.07.22.00)
    - React-Core/Default
    - React-cxxreact (= 0.71.8-0rc2)
    - React-hermes
    - React-jsi (= 0.71.8-0rc2)
    - React-jsiexecutor (= 0.71.8-0rc2)
    - React-perflogger (= 0.71.8-0rc2)
    - Yoga
  - React-Core/RCTLinkingHeaders (0.71.8-0rc2):
    - glog
    - hermes-engine
    - RCT-Folly (= 2021.07.22.00)
    - React-Core/Default
    - React-cxxreact (= 0.71.8-0rc2)
    - React-hermes
    - React-jsi (= 0.71.8-0rc2)
    - React-jsiexecutor (= 0.71.8-0rc2)
    - React-perflogger (= 0.71.8-0rc2)
    - Yoga
  - React-Core/RCTNetworkHeaders (0.71.8-0rc2):
    - glog
    - hermes-engine
    - RCT-Folly (= 2021.07.22.00)
    - React-Core/Default
    - React-cxxreact (= 0.71.8-0rc2)
    - React-hermes
    - React-jsi (= 0.71.8-0rc2)
    - React-jsiexecutor (= 0.71.8-0rc2)
    - React-perflogger (= 0.71.8-0rc2)
    - Yoga
  - React-Core/RCTPushNotificationHeaders (0.71.8-0rc2):
    - glog
    - hermes-engine
    - RCT-Folly (= 2021.07.22.00)
    - React-Core/Default
    - React-cxxreact (= 0.71.8-0rc2)
    - React-hermes
    - React-jsi (= 0.71.8-0rc2)
    - React-jsiexecutor (= 0.71.8-0rc2)
    - React-perflogger (= 0.71.8-0rc2)
    - Yoga
  - React-Core/RCTSettingsHeaders (0.71.8-0rc2):
    - glog
    - hermes-engine
    - RCT-Folly (= 2021.07.22.00)
    - React-Core/Default
    - React-cxxreact (= 0.71.8-0rc2)
    - React-hermes
    - React-jsi (= 0.71.8-0rc2)
    - React-jsiexecutor (= 0.71.8-0rc2)
    - React-perflogger (= 0.71.8-0rc2)
    - Yoga
  - React-Core/RCTTextHeaders (0.71.8-0rc2):
    - glog
    - hermes-engine
    - RCT-Folly (= 2021.07.22.00)
    - React-Core/Default
    - React-cxxreact (= 0.71.8-0rc2)
    - React-hermes
    - React-jsi (= 0.71.8-0rc2)
    - React-jsiexecutor (= 0.71.8-0rc2)
    - React-perflogger (= 0.71.8-0rc2)
    - Yoga
  - React-Core/RCTWebSocket (0.71.8-0rc2):
    - glog
    - hermes-engine
    - RCT-Folly (= 2021.07.22.00)
    - React-Core/Default (= 0.71.8-0rc2)
    - React-cxxreact (= 0.71.8-0rc2)
    - React-hermes
    - React-jsi (= 0.71.8-0rc2)
    - React-jsiexecutor (= 0.71.8-0rc2)
    - React-perflogger (= 0.71.8-0rc2)
    - Yoga
  - React-CoreModules (0.71.8-0rc2):
    - RCT-Folly (= 2021.07.22.00)
    - RCTTypeSafety (= 0.71.8-0rc2)
    - React-Codegen (= 0.71.8-0rc2)
    - React-Core/CoreModulesHeaders (= 0.71.8-0rc2)
    - React-jsi (= 0.71.8-0rc2)
    - React-RCTBlob
    - React-RCTImage (= 0.71.8-0rc2)
    - ReactCommon/turbomodule/core (= 0.71.8-0rc2)
  - React-cxxreact (0.71.8-0rc2):
    - boost (= 1.76.0)
    - DoubleConversion
    - glog
    - hermes-engine
    - RCT-Folly (= 2021.07.22.00)
    - React-callinvoker (= 0.71.8-0rc2)
    - React-jsi (= 0.71.8-0rc2)
    - React-jsinspector (= 0.71.8-0rc2)
    - React-logger (= 0.71.8-0rc2)
    - React-perflogger (= 0.71.8-0rc2)
    - React-runtimeexecutor (= 0.71.8-0rc2)
  - React-Fabric (0.71.8-0rc2):
    - RCT-Folly/Fabric (= 2021.07.22.00)
    - RCTRequired (= 0.71.8-0rc2)
    - RCTTypeSafety (= 0.71.8-0rc2)
    - React-Fabric/animations (= 0.71.8-0rc2)
    - React-Fabric/attributedstring (= 0.71.8-0rc2)
    - React-Fabric/butter (= 0.71.8-0rc2)
    - React-Fabric/componentregistry (= 0.71.8-0rc2)
    - React-Fabric/componentregistrynative (= 0.71.8-0rc2)
    - React-Fabric/components (= 0.71.8-0rc2)
    - React-Fabric/config (= 0.71.8-0rc2)
    - React-Fabric/core (= 0.71.8-0rc2)
    - React-Fabric/debug_core (= 0.71.8-0rc2)
    - React-Fabric/debug_renderer (= 0.71.8-0rc2)
    - React-Fabric/imagemanager (= 0.71.8-0rc2)
    - React-Fabric/leakchecker (= 0.71.8-0rc2)
    - React-Fabric/mapbuffer (= 0.71.8-0rc2)
    - React-Fabric/mounting (= 0.71.8-0rc2)
    - React-Fabric/runtimescheduler (= 0.71.8-0rc2)
    - React-Fabric/scheduler (= 0.71.8-0rc2)
    - React-Fabric/telemetry (= 0.71.8-0rc2)
    - React-Fabric/templateprocessor (= 0.71.8-0rc2)
    - React-Fabric/textlayoutmanager (= 0.71.8-0rc2)
    - React-Fabric/uimanager (= 0.71.8-0rc2)
    - React-Fabric/utils (= 0.71.8-0rc2)
    - React-graphics (= 0.71.8-0rc2)
    - React-jsi (= 0.71.8-0rc2)
    - React-jsiexecutor (= 0.71.8-0rc2)
    - ReactCommon/turbomodule/core (= 0.71.8-0rc2)
  - React-Fabric/animations (0.71.8-0rc2):
    - RCT-Folly/Fabric (= 2021.07.22.00)
    - RCTRequired (= 0.71.8-0rc2)
    - RCTTypeSafety (= 0.71.8-0rc2)
    - React-graphics (= 0.71.8-0rc2)
    - React-jsi (= 0.71.8-0rc2)
    - React-jsiexecutor (= 0.71.8-0rc2)
    - ReactCommon/turbomodule/core (= 0.71.8-0rc2)
  - React-Fabric/attributedstring (0.71.8-0rc2):
    - RCT-Folly/Fabric (= 2021.07.22.00)
    - RCTRequired (= 0.71.8-0rc2)
    - RCTTypeSafety (= 0.71.8-0rc2)
    - React-graphics (= 0.71.8-0rc2)
    - React-jsi (= 0.71.8-0rc2)
    - React-jsiexecutor (= 0.71.8-0rc2)
    - ReactCommon/turbomodule/core (= 0.71.8-0rc2)
  - React-Fabric/butter (0.71.8-0rc2):
    - RCT-Folly/Fabric (= 2021.07.22.00)
    - RCTRequired (= 0.71.8-0rc2)
    - RCTTypeSafety (= 0.71.8-0rc2)
    - React-graphics (= 0.71.8-0rc2)
    - React-jsi (= 0.71.8-0rc2)
    - React-jsiexecutor (= 0.71.8-0rc2)
    - ReactCommon/turbomodule/core (= 0.71.8-0rc2)
  - React-Fabric/componentregistry (0.71.8-0rc2):
    - RCT-Folly/Fabric (= 2021.07.22.00)
    - RCTRequired (= 0.71.8-0rc2)
    - RCTTypeSafety (= 0.71.8-0rc2)
    - React-graphics (= 0.71.8-0rc2)
    - React-jsi (= 0.71.8-0rc2)
    - React-jsiexecutor (= 0.71.8-0rc2)
    - ReactCommon/turbomodule/core (= 0.71.8-0rc2)
  - React-Fabric/componentregistrynative (0.71.8-0rc2):
    - RCT-Folly/Fabric (= 2021.07.22.00)
    - RCTRequired (= 0.71.8-0rc2)
    - RCTTypeSafety (= 0.71.8-0rc2)
    - React-graphics (= 0.71.8-0rc2)
    - React-jsi (= 0.71.8-0rc2)
    - React-jsiexecutor (= 0.71.8-0rc2)
    - ReactCommon/turbomodule/core (= 0.71.8-0rc2)
  - React-Fabric/components (0.71.8-0rc2):
    - RCT-Folly/Fabric (= 2021.07.22.00)
    - RCTRequired (= 0.71.8-0rc2)
    - RCTTypeSafety (= 0.71.8-0rc2)
    - React-Fabric/components/activityindicator (= 0.71.8-0rc2)
    - React-Fabric/components/image (= 0.71.8-0rc2)
    - React-Fabric/components/inputaccessory (= 0.71.8-0rc2)
    - React-Fabric/components/legacyviewmanagerinterop (= 0.71.8-0rc2)
    - React-Fabric/components/modal (= 0.71.8-0rc2)
    - React-Fabric/components/root (= 0.71.8-0rc2)
    - React-Fabric/components/safeareaview (= 0.71.8-0rc2)
    - React-Fabric/components/scrollview (= 0.71.8-0rc2)
    - React-Fabric/components/slider (= 0.71.8-0rc2)
    - React-Fabric/components/text (= 0.71.8-0rc2)
    - React-Fabric/components/textinput (= 0.71.8-0rc2)
    - React-Fabric/components/unimplementedview (= 0.71.8-0rc2)
    - React-Fabric/components/view (= 0.71.8-0rc2)
    - React-graphics (= 0.71.8-0rc2)
    - React-jsi (= 0.71.8-0rc2)
    - React-jsiexecutor (= 0.71.8-0rc2)
    - ReactCommon/turbomodule/core (= 0.71.8-0rc2)
  - React-Fabric/components/activityindicator (0.71.8-0rc2):
    - RCT-Folly/Fabric (= 2021.07.22.00)
    - RCTRequired (= 0.71.8-0rc2)
    - RCTTypeSafety (= 0.71.8-0rc2)
    - React-graphics (= 0.71.8-0rc2)
    - React-jsi (= 0.71.8-0rc2)
    - React-jsiexecutor (= 0.71.8-0rc2)
    - ReactCommon/turbomodule/core (= 0.71.8-0rc2)
  - React-Fabric/components/image (0.71.8-0rc2):
    - RCT-Folly/Fabric (= 2021.07.22.00)
    - RCTRequired (= 0.71.8-0rc2)
    - RCTTypeSafety (= 0.71.8-0rc2)
    - React-graphics (= 0.71.8-0rc2)
    - React-jsi (= 0.71.8-0rc2)
    - React-jsiexecutor (= 0.71.8-0rc2)
    - ReactCommon/turbomodule/core (= 0.71.8-0rc2)
  - React-Fabric/components/inputaccessory (0.71.8-0rc2):
    - RCT-Folly/Fabric (= 2021.07.22.00)
    - RCTRequired (= 0.71.8-0rc2)
    - RCTTypeSafety (= 0.71.8-0rc2)
    - React-graphics (= 0.71.8-0rc2)
    - React-jsi (= 0.71.8-0rc2)
    - React-jsiexecutor (= 0.71.8-0rc2)
    - ReactCommon/turbomodule/core (= 0.71.8-0rc2)
  - React-Fabric/components/legacyviewmanagerinterop (0.71.8-0rc2):
    - RCT-Folly/Fabric (= 2021.07.22.00)
    - RCTRequired (= 0.71.8-0rc2)
    - RCTTypeSafety (= 0.71.8-0rc2)
    - React-graphics (= 0.71.8-0rc2)
    - React-jsi (= 0.71.8-0rc2)
    - React-jsiexecutor (= 0.71.8-0rc2)
    - ReactCommon/turbomodule/core (= 0.71.8-0rc2)
  - React-Fabric/components/modal (0.71.8-0rc2):
    - RCT-Folly/Fabric (= 2021.07.22.00)
    - RCTRequired (= 0.71.8-0rc2)
    - RCTTypeSafety (= 0.71.8-0rc2)
    - React-graphics (= 0.71.8-0rc2)
    - React-jsi (= 0.71.8-0rc2)
    - React-jsiexecutor (= 0.71.8-0rc2)
    - ReactCommon/turbomodule/core (= 0.71.8-0rc2)
  - React-Fabric/components/root (0.71.8-0rc2):
    - RCT-Folly/Fabric (= 2021.07.22.00)
    - RCTRequired (= 0.71.8-0rc2)
    - RCTTypeSafety (= 0.71.8-0rc2)
    - React-graphics (= 0.71.8-0rc2)
    - React-jsi (= 0.71.8-0rc2)
    - React-jsiexecutor (= 0.71.8-0rc2)
    - ReactCommon/turbomodule/core (= 0.71.8-0rc2)
  - React-Fabric/components/safeareaview (0.71.8-0rc2):
    - RCT-Folly/Fabric (= 2021.07.22.00)
    - RCTRequired (= 0.71.8-0rc2)
    - RCTTypeSafety (= 0.71.8-0rc2)
    - React-graphics (= 0.71.8-0rc2)
    - React-jsi (= 0.71.8-0rc2)
    - React-jsiexecutor (= 0.71.8-0rc2)
    - ReactCommon/turbomodule/core (= 0.71.8-0rc2)
  - React-Fabric/components/scrollview (0.71.8-0rc2):
    - RCT-Folly/Fabric (= 2021.07.22.00)
    - RCTRequired (= 0.71.8-0rc2)
    - RCTTypeSafety (= 0.71.8-0rc2)
    - React-graphics (= 0.71.8-0rc2)
    - React-jsi (= 0.71.8-0rc2)
    - React-jsiexecutor (= 0.71.8-0rc2)
    - ReactCommon/turbomodule/core (= 0.71.8-0rc2)
  - React-Fabric/components/slider (0.71.8-0rc2):
    - RCT-Folly/Fabric (= 2021.07.22.00)
    - RCTRequired (= 0.71.8-0rc2)
    - RCTTypeSafety (= 0.71.8-0rc2)
    - React-graphics (= 0.71.8-0rc2)
    - React-jsi (= 0.71.8-0rc2)
    - React-jsiexecutor (= 0.71.8-0rc2)
    - ReactCommon/turbomodule/core (= 0.71.8-0rc2)
  - React-Fabric/components/text (0.71.8-0rc2):
    - RCT-Folly/Fabric (= 2021.07.22.00)
    - RCTRequired (= 0.71.8-0rc2)
    - RCTTypeSafety (= 0.71.8-0rc2)
    - React-graphics (= 0.71.8-0rc2)
    - React-jsi (= 0.71.8-0rc2)
    - React-jsiexecutor (= 0.71.8-0rc2)
    - ReactCommon/turbomodule/core (= 0.71.8-0rc2)
  - React-Fabric/components/textinput (0.71.8-0rc2):
    - RCT-Folly/Fabric (= 2021.07.22.00)
    - RCTRequired (= 0.71.8-0rc2)
    - RCTTypeSafety (= 0.71.8-0rc2)
    - React-graphics (= 0.71.8-0rc2)
    - React-jsi (= 0.71.8-0rc2)
    - React-jsiexecutor (= 0.71.8-0rc2)
    - ReactCommon/turbomodule/core (= 0.71.8-0rc2)
  - React-Fabric/components/unimplementedview (0.71.8-0rc2):
    - RCT-Folly/Fabric (= 2021.07.22.00)
    - RCTRequired (= 0.71.8-0rc2)
    - RCTTypeSafety (= 0.71.8-0rc2)
    - React-graphics (= 0.71.8-0rc2)
    - React-jsi (= 0.71.8-0rc2)
    - React-jsiexecutor (= 0.71.8-0rc2)
    - ReactCommon/turbomodule/core (= 0.71.8-0rc2)
  - React-Fabric/components/view (0.71.8-0rc2):
    - RCT-Folly/Fabric (= 2021.07.22.00)
    - RCTRequired (= 0.71.8-0rc2)
    - RCTTypeSafety (= 0.71.8-0rc2)
    - React-graphics (= 0.71.8-0rc2)
    - React-jsi (= 0.71.8-0rc2)
    - React-jsiexecutor (= 0.71.8-0rc2)
    - ReactCommon/turbomodule/core (= 0.71.8-0rc2)
    - Yoga
  - React-Fabric/config (0.71.8-0rc2):
    - RCT-Folly/Fabric (= 2021.07.22.00)
    - RCTRequired (= 0.71.8-0rc2)
    - RCTTypeSafety (= 0.71.8-0rc2)
    - React-graphics (= 0.71.8-0rc2)
    - React-jsi (= 0.71.8-0rc2)
    - React-jsiexecutor (= 0.71.8-0rc2)
    - ReactCommon/turbomodule/core (= 0.71.8-0rc2)
  - React-Fabric/core (0.71.8-0rc2):
    - RCT-Folly/Fabric (= 2021.07.22.00)
    - RCTRequired (= 0.71.8-0rc2)
    - RCTTypeSafety (= 0.71.8-0rc2)
    - React-graphics (= 0.71.8-0rc2)
    - React-jsi (= 0.71.8-0rc2)
    - React-jsiexecutor (= 0.71.8-0rc2)
    - ReactCommon/turbomodule/core (= 0.71.8-0rc2)
  - React-Fabric/debug_core (0.71.8-0rc2):
    - RCT-Folly/Fabric (= 2021.07.22.00)
    - RCTRequired (= 0.71.8-0rc2)
    - RCTTypeSafety (= 0.71.8-0rc2)
    - React-graphics (= 0.71.8-0rc2)
    - React-jsi (= 0.71.8-0rc2)
    - React-jsiexecutor (= 0.71.8-0rc2)
    - ReactCommon/turbomodule/core (= 0.71.8-0rc2)
  - React-Fabric/debug_renderer (0.71.8-0rc2):
    - RCT-Folly/Fabric (= 2021.07.22.00)
    - RCTRequired (= 0.71.8-0rc2)
    - RCTTypeSafety (= 0.71.8-0rc2)
    - React-graphics (= 0.71.8-0rc2)
    - React-jsi (= 0.71.8-0rc2)
    - React-jsiexecutor (= 0.71.8-0rc2)
    - ReactCommon/turbomodule/core (= 0.71.8-0rc2)
  - React-Fabric/imagemanager (0.71.8-0rc2):
    - RCT-Folly/Fabric (= 2021.07.22.00)
    - RCTRequired (= 0.71.8-0rc2)
    - RCTTypeSafety (= 0.71.8-0rc2)
    - React-graphics (= 0.71.8-0rc2)
    - React-jsi (= 0.71.8-0rc2)
    - React-jsiexecutor (= 0.71.8-0rc2)
    - React-RCTImage (= 0.71.8-0rc2)
    - ReactCommon/turbomodule/core (= 0.71.8-0rc2)
  - React-Fabric/leakchecker (0.71.8-0rc2):
    - RCT-Folly/Fabric (= 2021.07.22.00)
    - RCTRequired (= 0.71.8-0rc2)
    - RCTTypeSafety (= 0.71.8-0rc2)
    - React-graphics (= 0.71.8-0rc2)
    - React-jsi (= 0.71.8-0rc2)
    - React-jsiexecutor (= 0.71.8-0rc2)
    - ReactCommon/turbomodule/core (= 0.71.8-0rc2)
  - React-Fabric/mapbuffer (0.71.8-0rc2):
    - RCT-Folly/Fabric (= 2021.07.22.00)
    - RCTRequired (= 0.71.8-0rc2)
    - RCTTypeSafety (= 0.71.8-0rc2)
    - React-graphics (= 0.71.8-0rc2)
    - React-jsi (= 0.71.8-0rc2)
    - React-jsiexecutor (= 0.71.8-0rc2)
    - ReactCommon/turbomodule/core (= 0.71.8-0rc2)
  - React-Fabric/mounting (0.71.8-0rc2):
    - RCT-Folly/Fabric (= 2021.07.22.00)
    - RCTRequired (= 0.71.8-0rc2)
    - RCTTypeSafety (= 0.71.8-0rc2)
    - React-graphics (= 0.71.8-0rc2)
    - React-jsi (= 0.71.8-0rc2)
    - React-jsiexecutor (= 0.71.8-0rc2)
    - ReactCommon/turbomodule/core (= 0.71.8-0rc2)
  - React-Fabric/runtimescheduler (0.71.8-0rc2):
    - RCT-Folly/Fabric (= 2021.07.22.00)
    - RCTRequired (= 0.71.8-0rc2)
    - RCTTypeSafety (= 0.71.8-0rc2)
    - React-graphics (= 0.71.8-0rc2)
    - React-jsi (= 0.71.8-0rc2)
    - React-jsiexecutor (= 0.71.8-0rc2)
    - ReactCommon/turbomodule/core (= 0.71.8-0rc2)
  - React-Fabric/scheduler (0.71.8-0rc2):
    - RCT-Folly/Fabric (= 2021.07.22.00)
    - RCTRequired (= 0.71.8-0rc2)
    - RCTTypeSafety (= 0.71.8-0rc2)
    - React-graphics (= 0.71.8-0rc2)
    - React-jsi (= 0.71.8-0rc2)
    - React-jsiexecutor (= 0.71.8-0rc2)
    - ReactCommon/turbomodule/core (= 0.71.8-0rc2)
  - React-Fabric/telemetry (0.71.8-0rc2):
    - RCT-Folly/Fabric (= 2021.07.22.00)
    - RCTRequired (= 0.71.8-0rc2)
    - RCTTypeSafety (= 0.71.8-0rc2)
    - React-graphics (= 0.71.8-0rc2)
    - React-jsi (= 0.71.8-0rc2)
    - React-jsiexecutor (= 0.71.8-0rc2)
    - ReactCommon/turbomodule/core (= 0.71.8-0rc2)
  - React-Fabric/templateprocessor (0.71.8-0rc2):
    - RCT-Folly/Fabric (= 2021.07.22.00)
    - RCTRequired (= 0.71.8-0rc2)
    - RCTTypeSafety (= 0.71.8-0rc2)
    - React-graphics (= 0.71.8-0rc2)
    - React-jsi (= 0.71.8-0rc2)
    - React-jsiexecutor (= 0.71.8-0rc2)
    - ReactCommon/turbomodule/core (= 0.71.8-0rc2)
  - React-Fabric/textlayoutmanager (0.71.8-0rc2):
    - RCT-Folly/Fabric (= 2021.07.22.00)
    - RCTRequired (= 0.71.8-0rc2)
    - RCTTypeSafety (= 0.71.8-0rc2)
    - React-Fabric/uimanager
    - React-graphics (= 0.71.8-0rc2)
    - React-jsi (= 0.71.8-0rc2)
    - React-jsiexecutor (= 0.71.8-0rc2)
    - ReactCommon/turbomodule/core (= 0.71.8-0rc2)
  - React-Fabric/uimanager (0.71.8-0rc2):
    - RCT-Folly/Fabric (= 2021.07.22.00)
    - RCTRequired (= 0.71.8-0rc2)
    - RCTTypeSafety (= 0.71.8-0rc2)
    - React-graphics (= 0.71.8-0rc2)
    - React-jsi (= 0.71.8-0rc2)
    - React-jsiexecutor (= 0.71.8-0rc2)
    - ReactCommon/turbomodule/core (= 0.71.8-0rc2)
  - React-Fabric/utils (0.71.8-0rc2):
    - RCT-Folly/Fabric (= 2021.07.22.00)
    - RCTRequired (= 0.71.8-0rc2)
    - RCTTypeSafety (= 0.71.8-0rc2)
    - React-graphics (= 0.71.8-0rc2)
    - React-jsi (= 0.71.8-0rc2)
    - React-jsiexecutor (= 0.71.8-0rc2)
    - ReactCommon/turbomodule/core (= 0.71.8-0rc2)
  - React-graphics (0.71.8-0rc2):
    - RCT-Folly/Fabric (= 2021.07.22.00)
    - React-Core/Default (= 0.71.8-0rc2)
  - React-hermes (0.71.8-0rc2):
    - DoubleConversion
    - glog
    - hermes-engine
    - RCT-Folly (= 2021.07.22.00)
    - RCT-Folly/Futures (= 2021.07.22.00)
    - React-cxxreact (= 0.71.8-0rc2)
    - React-jsi
    - React-jsiexecutor (= 0.71.8-0rc2)
    - React-jsinspector (= 0.71.8-0rc2)
    - React-perflogger (= 0.71.8-0rc2)
  - React-jsi (0.71.8-0rc2):
    - boost (= 1.76.0)
    - DoubleConversion
    - glog
    - hermes-engine
    - RCT-Folly (= 2021.07.22.00)
  - React-jsiexecutor (0.71.8-0rc2):
    - DoubleConversion
    - glog
    - hermes-engine
    - RCT-Folly (= 2021.07.22.00)
    - React-cxxreact (= 0.71.8-0rc2)
    - React-jsi (= 0.71.8-0rc2)
    - React-perflogger (= 0.71.8-0rc2)
  - React-jsinspector (0.71.8-0rc2)
  - React-logger (0.71.8-0rc2):
    - glog
  - React-perflogger (0.71.8-0rc2)
  - React-RCTActionSheet (0.71.8-0rc2):
    - React-Core/RCTActionSheetHeaders (= 0.71.8-0rc2)
  - React-RCTAnimation (0.71.8-0rc2):
    - RCT-Folly (= 2021.07.22.00)
    - RCTTypeSafety (= 0.71.8-0rc2)
    - React-Codegen (= 0.71.8-0rc2)
    - React-Core/RCTAnimationHeaders (= 0.71.8-0rc2)
    - React-jsi (= 0.71.8-0rc2)
    - ReactCommon/turbomodule/core (= 0.71.8-0rc2)
  - React-RCTAppDelegate (0.71.8-0rc2):
    - RCT-Folly
    - RCTRequired
    - RCTTypeSafety
    - React-Core
    - ReactCommon/turbomodule/core
  - React-RCTBlob (0.71.8-0rc2):
    - hermes-engine
    - RCT-Folly (= 2021.07.22.00)
    - React-Codegen (= 0.71.8-0rc2)
    - React-Core/RCTBlobHeaders (= 0.71.8-0rc2)
    - React-Core/RCTWebSocket (= 0.71.8-0rc2)
    - React-jsi (= 0.71.8-0rc2)
    - React-RCTNetwork (= 0.71.8-0rc2)
    - ReactCommon/turbomodule/core (= 0.71.8-0rc2)
  - React-RCTFabric (0.71.8-0rc2):
    - RCT-Folly/Fabric (= 2021.07.22.00)
    - React-Core (= 0.71.8-0rc2)
    - React-Fabric (= 0.71.8-0rc2)
    - React-RCTImage (= 0.71.8-0rc2)
  - React-RCTImage (0.71.8-0rc2):
    - RCT-Folly (= 2021.07.22.00)
    - RCTTypeSafety (= 0.71.8-0rc2)
    - React-Codegen (= 0.71.8-0rc2)
    - React-Core/RCTImageHeaders (= 0.71.8-0rc2)
    - React-jsi (= 0.71.8-0rc2)
    - React-RCTNetwork (= 0.71.8-0rc2)
    - ReactCommon/turbomodule/core (= 0.71.8-0rc2)
  - React-RCTLinking (0.71.8-0rc2):
    - React-Codegen (= 0.71.8-0rc2)
    - React-Core/RCTLinkingHeaders (= 0.71.8-0rc2)
    - React-jsi (= 0.71.8-0rc2)
    - ReactCommon/turbomodule/core (= 0.71.8-0rc2)
  - React-RCTNetwork (0.71.8-0rc2):
    - RCT-Folly (= 2021.07.22.00)
    - RCTTypeSafety (= 0.71.8-0rc2)
    - React-Codegen (= 0.71.8-0rc2)
    - React-Core/RCTNetworkHeaders (= 0.71.8-0rc2)
    - React-jsi (= 0.71.8-0rc2)
    - ReactCommon/turbomodule/core (= 0.71.8-0rc2)
  - React-RCTPushNotification (0.71.8-0rc2):
    - RCTTypeSafety (= 0.71.8-0rc2)
    - React-Codegen (= 0.71.8-0rc2)
    - React-Core/RCTPushNotificationHeaders (= 0.71.8-0rc2)
    - React-jsi (= 0.71.8-0rc2)
    - ReactCommon/turbomodule/core (= 0.71.8-0rc2)
  - React-RCTSettings (0.71.8-0rc2):
    - RCT-Folly (= 2021.07.22.00)
    - RCTTypeSafety (= 0.71.8-0rc2)
    - React-Codegen (= 0.71.8-0rc2)
    - React-Core/RCTSettingsHeaders (= 0.71.8-0rc2)
    - React-jsi (= 0.71.8-0rc2)
    - ReactCommon/turbomodule/core (= 0.71.8-0rc2)
  - React-RCTTest (0.71.8-0rc2):
    - RCT-Folly (= 2021.07.22.00)
    - React-Core (= 0.71.8-0rc2)
    - React-CoreModules (= 0.71.8-0rc2)
    - React-jsi (= 0.71.8-0rc2)
    - ReactCommon/turbomodule/core (= 0.71.8-0rc2)
  - React-RCTText (0.71.8-0rc2):
    - React-Core/RCTTextHeaders (= 0.71.8-0rc2)
  - React-rncore (0.71.8-0rc2)
  - React-runtimeexecutor (0.71.8-0rc2):
    - React-jsi (= 0.71.8-0rc2)
  - ReactCommon/turbomodule/bridging (0.71.8-0rc2):
    - DoubleConversion
    - glog
    - hermes-engine
    - RCT-Folly (= 2021.07.22.00)
    - React-callinvoker (= 0.71.8-0rc2)
    - React-Core (= 0.71.8-0rc2)
    - React-cxxreact (= 0.71.8-0rc2)
    - React-jsi (= 0.71.8-0rc2)
    - React-logger (= 0.71.8-0rc2)
    - React-perflogger (= 0.71.8-0rc2)
  - ReactCommon/turbomodule/core (0.71.8-0rc2):
    - DoubleConversion
    - glog
    - hermes-engine
    - RCT-Folly (= 2021.07.22.00)
    - React-callinvoker (= 0.71.8-0rc2)
    - React-Core (= 0.71.8-0rc2)
    - React-cxxreact (= 0.71.8-0rc2)
    - React-jsi (= 0.71.8-0rc2)
    - React-logger (= 0.71.8-0rc2)
    - React-perflogger (= 0.71.8-0rc2)
  - ReactCommon/turbomodule/samples (0.71.8-0rc2):
    - DoubleConversion
    - glog
    - hermes-engine
    - RCT-Folly (= 2021.07.22.00)
    - React-callinvoker (= 0.71.8-0rc2)
    - React-Core (= 0.71.8-0rc2)
    - React-cxxreact (= 0.71.8-0rc2)
    - React-jsi (= 0.71.8-0rc2)
    - React-logger (= 0.71.8-0rc2)
    - React-perflogger (= 0.71.8-0rc2)
    - ReactCommon/turbomodule/core (= 0.71.8-0rc2)
  - ScreenshotManager (0.0.1):
    - RCT-Folly (= 2021.07.22.00)
    - React-Core
  - Yoga (1.14.0)

DEPENDENCIES:
  - boost (from `../../third-party-podspecs/boost.podspec`)
  - DoubleConversion (from `../../third-party-podspecs/DoubleConversion.podspec`)
  - FBLazyVector (from `../../Libraries/FBLazyVector`)
  - FBReactNativeSpec (from `../../React/FBReactNativeSpec`)
  - fmt (from `../../third-party-podspecs/fmt.podspec`)
  - glog (from `../../third-party-podspecs/glog.podspec`)
  - hermes-engine (from `../../sdks/hermes-engine/hermes-engine.podspec`)
  - libevent (~> 2.1.12)
  - RCT-Folly (from `../../third-party-podspecs/RCT-Folly.podspec`)
  - RCT-Folly/Fabric (from `../../third-party-podspecs/RCT-Folly.podspec`)
  - RCTRequired (from `../../Libraries/RCTRequired`)
  - RCTTypeSafety (from `../../Libraries/TypeSafety`)
  - React (from `../../`)
  - React-callinvoker (from `../../ReactCommon/callinvoker`)
  - React-Codegen (from `build/generated/ios`)
  - React-Core (from `../../`)
  - React-Core/RCTWebSocket (from `../../`)
  - React-CoreModules (from `../../React/CoreModules`)
  - React-cxxreact (from `../../ReactCommon/cxxreact`)
  - React-Fabric (from `../../ReactCommon`)
  - React-graphics (from `../../ReactCommon/react/renderer/graphics`)
  - React-hermes (from `../../ReactCommon/hermes`)
  - React-jsi (from `../../ReactCommon/jsi`)
  - React-jsiexecutor (from `../../ReactCommon/jsiexecutor`)
  - React-jsinspector (from `../../ReactCommon/jsinspector`)
  - React-logger (from `../../ReactCommon/logger`)
  - React-perflogger (from `../../ReactCommon/reactperflogger`)
  - React-RCTActionSheet (from `../../Libraries/ActionSheetIOS`)
  - React-RCTAnimation (from `../../Libraries/NativeAnimation`)
  - React-RCTAppDelegate (from `../../Libraries/AppDelegate`)
  - React-RCTBlob (from `../../Libraries/Blob`)
  - React-RCTFabric (from `../../React`)
  - React-RCTImage (from `../../Libraries/Image`)
  - React-RCTLinking (from `../../Libraries/LinkingIOS`)
  - React-RCTNetwork (from `../../Libraries/Network`)
  - React-RCTPushNotification (from `../../Libraries/PushNotificationIOS`)
  - React-RCTSettings (from `../../Libraries/Settings`)
  - React-RCTTest (from `./RCTTest`)
  - React-RCTText (from `../../Libraries/Text`)
  - React-rncore (from `../../ReactCommon`)
  - React-runtimeexecutor (from `../../ReactCommon/runtimeexecutor`)
  - ReactCommon/turbomodule/core (from `../../ReactCommon`)
  - ReactCommon/turbomodule/samples (from `../../ReactCommon`)
  - ScreenshotManager (from `NativeModuleExample`)
  - Yoga (from `../../ReactCommon/yoga`)

SPEC REPOS:
  https://github.com/react-native-tvos/react-native-tvos-podspecs.git:
    - libevent

EXTERNAL SOURCES:
  boost:
    :podspec: "../../third-party-podspecs/boost.podspec"
  DoubleConversion:
    :podspec: "../../third-party-podspecs/DoubleConversion.podspec"
  FBLazyVector:
    :path: "../../Libraries/FBLazyVector"
  FBReactNativeSpec:
    :path: "../../React/FBReactNativeSpec"
  fmt:
    :podspec: "../../third-party-podspecs/fmt.podspec"
  glog:
    :podspec: "../../third-party-podspecs/glog.podspec"
  hermes-engine:
    :podspec: "../../sdks/hermes-engine/hermes-engine.podspec"
  RCT-Folly:
    :podspec: "../../third-party-podspecs/RCT-Folly.podspec"
  RCTRequired:
    :path: "../../Libraries/RCTRequired"
  RCTTypeSafety:
    :path: "../../Libraries/TypeSafety"
  React:
    :path: "../../"
  React-callinvoker:
    :path: "../../ReactCommon/callinvoker"
  React-Codegen:
    :path: build/generated/ios
  React-Core:
    :path: "../../"
  React-CoreModules:
    :path: "../../React/CoreModules"
  React-cxxreact:
    :path: "../../ReactCommon/cxxreact"
  React-Fabric:
    :path: "../../ReactCommon"
  React-graphics:
    :path: "../../ReactCommon/react/renderer/graphics"
  React-hermes:
    :path: "../../ReactCommon/hermes"
  React-jsi:
    :path: "../../ReactCommon/jsi"
  React-jsiexecutor:
    :path: "../../ReactCommon/jsiexecutor"
  React-jsinspector:
    :path: "../../ReactCommon/jsinspector"
  React-logger:
    :path: "../../ReactCommon/logger"
  React-perflogger:
    :path: "../../ReactCommon/reactperflogger"
  React-RCTActionSheet:
    :path: "../../Libraries/ActionSheetIOS"
  React-RCTAnimation:
    :path: "../../Libraries/NativeAnimation"
  React-RCTAppDelegate:
    :path: "../../Libraries/AppDelegate"
  React-RCTBlob:
    :path: "../../Libraries/Blob"
  React-RCTFabric:
    :path: "../../React"
  React-RCTImage:
    :path: "../../Libraries/Image"
  React-RCTLinking:
    :path: "../../Libraries/LinkingIOS"
  React-RCTNetwork:
    :path: "../../Libraries/Network"
  React-RCTPushNotification:
    :path: "../../Libraries/PushNotificationIOS"
  React-RCTSettings:
    :path: "../../Libraries/Settings"
  React-RCTTest:
    :path: "./RCTTest"
  React-RCTText:
    :path: "../../Libraries/Text"
  React-rncore:
    :path: "../../ReactCommon"
  React-runtimeexecutor:
    :path: "../../ReactCommon/runtimeexecutor"
  ReactCommon:
    :path: "../../ReactCommon"
  ScreenshotManager:
    :path: NativeModuleExample
  Yoga:
    :path: "../../ReactCommon/yoga"

SPEC CHECKSUMS:
  boost: 0ed1b9a58a27b2f7885dc9f279bc3b341f44512b
  DoubleConversion: 234abba95e31cc2aada0cf3b97cdb11bc5b90575
  FBLazyVector: 320ace3f54c94cc8befab306b4d8397dcfce9516
  FBReactNativeSpec: d562239cb585983f2610a986a79e19c7bb5f637c
  fmt: 135c0c55547979f715b56dfa54037ececa96d07a
  glog: a2ded9bf28f0cb2fce90ad21eb419299a500ff6c
  hermes-engine: 641f7262033c8fe0bf15a5769b86357556b712b7
  libevent: a6d75fcd7be07cbc5070300ea8dbc8d55dfab88e
  RCT-Folly: 136e9161a833a162fe3e8b647098759aae227036
  RCTRequired: dd4a2e3204d9c47c99d7f3506b7fc31307ecbc5a
  RCTTypeSafety: 53630042461891f967c6ad0bb9245151155ea3bf
  React: b2427e3987056cc23d98a8152200cb827138f1c1
  React-callinvoker: 81783d4ceb172ee0dfffdaa710734d2aa0953b67
  React-Codegen: 0feae92a3b43b36867b84d2af56c9245221d4058
  React-Core: d5fb50bc24c4930f36d68efe3f87bdd1616fc864
  React-CoreModules: e0e710e56a7d67178768fdc7db7fd3f3710a2e75
  React-cxxreact: 9a633c95d3230c920add456d2c13219332dde520
  React-Fabric: d00a3a37c5fbaef9d25554dc8ac33793ee42cf9d
  React-graphics: aa836fd23cbe787786c574cbb13ab7ed5ac5b87b
  React-hermes: 2d10e06b74fe21bfddb76fe774ae06825bcef07c
  React-jsi: 18cca619ea20b97f095f760a6f8fa36e78ad7fd1
  React-jsiexecutor: 2cdbdf0fdf9431102a76e3c65d5567eb40c0e717
  React-jsinspector: e7bf5c13884bd12238c66e9a8886148d835a5a74
  React-logger: ac305a55d33275fdb9a860a65cfac6c47aa624d0
  React-perflogger: f902b05900632290a6264d18075c9c89dd116e8e
  React-RCTActionSheet: d50c066ec6f94174fb129f4668600756def07eb5
  React-RCTAnimation: 22ad24326f67af787d3e64434a0903ee1533ec55
  React-RCTAppDelegate: 289cda4a95b1c06ab24a7b036d2cf8677765816a
  React-RCTBlob: c5628e7ae57bffaebf34daaf86ad30a618af92ea
  React-RCTFabric: 22bbc58ac433a01011d854b733a23edb4e4f6f6b
  React-RCTImage: 9a93d8faf12ce673a3dc73036151f668908aa82d
  React-RCTLinking: 1e87f19fec25119bbdb3cc3d0132aa0dc988bb8a
  React-RCTNetwork: cda5bec16f0d499cd845c305c14cda73016c53a4
  React-RCTPushNotification: 374eed037d77e92d7916067bb0d00e3787c29958
  React-RCTSettings: c42fa50a736cb481ee0d50e0df963ad212117867
  React-RCTTest: cddf817f5c66f6232d93f4cc16d9b0b9ef27d3d7
  React-RCTText: a0062dafaf05454fbe72c2a36c5c9242c48cebc1
  React-rncore: 5bd98aeeb898cab54907af9c9f6749f59a09d6bb
  React-runtimeexecutor: fd47a2b8c34fc6999c84db3191555b31c858564f
  ReactCommon: ac6d5054d5e7d593f156c46fc6d2057b3d01a939
  ScreenshotManager: 6ac37428fe4ff9cd7c5c1b9dcfa2c3bee5cdc4f0
  Yoga: 0745e0068d54a307de3ace76e1cbd3dec94834a4

PODFILE CHECKSUM: 14d827b1492a4b63426ca84b7eced0b7d4472850

COCOAPODS: 1.11.3
