PODS:
  - boost-for-react-native (1.63.0)
  - DoubleConversion (1.1.6)
  - FBLazyVector (0.64.2-1)
  - FBReactNativeSpec (0.64.2-1):
    - RCT-Folly (= 2020.01.13.00)
    - RCTRequired (= 0.64.2-1)
    - RCTTypeSafety (= 0.64.2-1)
    - React-Core (= 0.64.2-1)
    - React-jsi (= 0.64.2-1)
    - ReactCommon/turbomodule/core (= 0.64.2-1)
  - glog (0.3.5)
  - RCT-Folly (2020.01.13.00):
    - boost-for-react-native
    - DoubleConversion
    - glog
    - RCT-Folly/Default (= 2020.01.13.00)
  - RCT-Folly/Default (2020.01.13.00):
    - boost-for-react-native
    - DoubleConversion
    - glog
  - RCTRequired (0.64.2-1)
  - RCTTypeSafety (0.64.2-1):
    - FBLazyVector (= 0.64.2-1)
    - RCT-Folly (= 2020.01.13.00)
    - RCTRequired (= 0.64.2-1)
    - React-Core (= 0.64.2-1)
  - React (0.64.2-1):
    - React-Core (= 0.64.2-1)
    - React-Core/DevSupport (= 0.64.2-1)
    - React-Core/RCTWebSocket (= 0.64.2-1)
    - React-RCTAnimation (= 0.64.2-1)
    - React-RCTBlob (= 0.64.2-1)
    - React-RCTImage (= 0.64.2-1)
    - React-RCTLinking (= 0.64.2-1)
    - React-RCTNetwork (= 0.64.2-1)
    - React-RCTSettings (= 0.64.2-1)
    - React-RCTText (= 0.64.2-1)
  - React-callinvoker (0.64.2-1)
  - React-Core (0.64.2-1):
    - glog
    - RCT-Folly (= 2020.01.13.00)
    - React-Core/Default (= 0.64.2-1)
    - React-cxxreact (= 0.64.2-1)
    - React-jsi (= 0.64.2-1)
    - React-jsiexecutor (= 0.64.2-1)
    - React-perflogger (= 0.64.2-1)
    - Yoga
  - React-Core/CoreModulesHeaders (0.64.2-1):
    - glog
    - RCT-Folly (= 2020.01.13.00)
    - React-Core/Default
    - React-cxxreact (= 0.64.2-1)
    - React-jsi (= 0.64.2-1)
    - React-jsiexecutor (= 0.64.2-1)
    - React-perflogger (= 0.64.2-1)
    - Yoga
  - React-Core/Default (0.64.2-1):
    - glog
    - RCT-Folly (= 2020.01.13.00)
    - React-cxxreact (= 0.64.2-1)
    - React-jsi (= 0.64.2-1)
    - React-jsiexecutor (= 0.64.2-1)
    - React-perflogger (= 0.64.2-1)
    - Yoga
  - React-Core/DevSupport (0.64.2-1):
    - glog
    - RCT-Folly (= 2020.01.13.00)
    - React-Core/Default (= 0.64.2-1)
    - React-Core/RCTWebSocket (= 0.64.2-1)
    - React-cxxreact (= 0.64.2-1)
    - React-jsi (= 0.64.2-1)
    - React-jsiexecutor (= 0.64.2-1)
    - React-jsinspector (= 0.64.2-1)
    - React-perflogger (= 0.64.2-1)
    - Yoga
  - React-Core/RCTAnimationHeaders (0.64.2-1):
    - glog
    - RCT-Folly (= 2020.01.13.00)
    - React-Core/Default
    - React-cxxreact (= 0.64.2-1)
    - React-jsi (= 0.64.2-1)
    - React-jsiexecutor (= 0.64.2-1)
    - React-perflogger (= 0.64.2-1)
    - Yoga
  - React-Core/RCTBlobHeaders (0.64.2-1):
    - glog
    - RCT-Folly (= 2020.01.13.00)
    - React-Core/Default
    - React-cxxreact (= 0.64.2-1)
    - React-jsi (= 0.64.2-1)
    - React-jsiexecutor (= 0.64.2-1)
    - React-perflogger (= 0.64.2-1)
    - Yoga
  - React-Core/RCTImageHeaders (0.64.2-1):
    - glog
    - RCT-Folly (= 2020.01.13.00)
    - React-Core/Default
    - React-cxxreact (= 0.64.2-1)
    - React-jsi (= 0.64.2-1)
    - React-jsiexecutor (= 0.64.2-1)
    - React-perflogger (= 0.64.2-1)
    - Yoga
  - React-Core/RCTLinkingHeaders (0.64.2-1):
    - glog
    - RCT-Folly (= 2020.01.13.00)
    - React-Core/Default
    - React-cxxreact (= 0.64.2-1)
    - React-jsi (= 0.64.2-1)
    - React-jsiexecutor (= 0.64.2-1)
    - React-perflogger (= 0.64.2-1)
    - Yoga
  - React-Core/RCTNetworkHeaders (0.64.2-1):
    - glog
    - RCT-Folly (= 2020.01.13.00)
    - React-Core/Default
    - React-cxxreact (= 0.64.2-1)
    - React-jsi (= 0.64.2-1)
    - React-jsiexecutor (= 0.64.2-1)
    - React-perflogger (= 0.64.2-1)
    - Yoga
  - React-Core/RCTPushNotificationHeaders (0.64.2-1):
    - glog
    - RCT-Folly (= 2020.01.13.00)
    - React-Core/Default
    - React-cxxreact (= 0.64.2-1)
    - React-jsi (= 0.64.2-1)
    - React-jsiexecutor (= 0.64.2-1)
    - React-perflogger (= 0.64.2-1)
    - Yoga
  - React-Core/RCTSettingsHeaders (0.64.2-1):
    - glog
    - RCT-Folly (= 2020.01.13.00)
    - React-Core/Default
    - React-cxxreact (= 0.64.2-1)
    - React-jsi (= 0.64.2-1)
    - React-jsiexecutor (= 0.64.2-1)
    - React-perflogger (= 0.64.2-1)
    - Yoga
  - React-Core/RCTTextHeaders (0.64.2-1):
    - glog
    - RCT-Folly (= 2020.01.13.00)
    - React-Core/Default
    - React-cxxreact (= 0.64.2-1)
    - React-jsi (= 0.64.2-1)
    - React-jsiexecutor (= 0.64.2-1)
    - React-perflogger (= 0.64.2-1)
    - Yoga
  - React-Core/RCTWebSocket (0.64.2-1):
    - glog
    - RCT-Folly (= 2020.01.13.00)
    - React-Core/Default (= 0.64.2-1)
    - React-cxxreact (= 0.64.2-1)
    - React-jsi (= 0.64.2-1)
    - React-jsiexecutor (= 0.64.2-1)
    - React-perflogger (= 0.64.2-1)
    - Yoga
  - React-CoreModules (0.64.2-1):
    - FBReactNativeSpec (= 0.64.2-1)
    - RCT-Folly (= 2020.01.13.00)
    - RCTTypeSafety (= 0.64.2-1)
    - React-Core/CoreModulesHeaders (= 0.64.2-1)
    - React-jsi (= 0.64.2-1)
    - React-RCTImage (= 0.64.2-1)
    - ReactCommon/turbomodule/core (= 0.64.2-1)
  - React-cxxreact (0.64.2-1):
    - boost-for-react-native (= 1.63.0)
    - DoubleConversion
    - glog
    - RCT-Folly (= 2020.01.13.00)
    - React-callinvoker (= 0.64.2-1)
    - React-jsi (= 0.64.2-1)
    - React-jsinspector (= 0.64.2-1)
    - React-perflogger (= 0.64.2-1)
    - React-runtimeexecutor (= 0.64.2-1)
  - React-jsi (0.64.2-1):
    - boost-for-react-native (= 1.63.0)
    - DoubleConversion
    - glog
    - RCT-Folly (= 2020.01.13.00)
    - React-jsi/Default (= 0.64.2-1)
  - React-jsi/Default (0.64.2-1):
    - boost-for-react-native (= 1.63.0)
    - DoubleConversion
    - glog
    - RCT-Folly (= 2020.01.13.00)
  - React-jsiexecutor (0.64.2-1):
    - DoubleConversion
    - glog
    - RCT-Folly (= 2020.01.13.00)
    - React-cxxreact (= 0.64.2-1)
    - React-jsi (= 0.64.2-1)
    - React-perflogger (= 0.64.2-1)
  - React-jsinspector (0.64.2-1)
  - React-perflogger (0.64.2-1)
  - React-RCTAnimation (0.64.2-1):
    - FBReactNativeSpec (= 0.64.2-1)
    - RCT-Folly (= 2020.01.13.00)
    - RCTTypeSafety (= 0.64.2-1)
    - React-Core/RCTAnimationHeaders (= 0.64.2-1)
    - React-jsi (= 0.64.2-1)
    - ReactCommon/turbomodule/core (= 0.64.2-1)
  - React-RCTBlob (0.64.2-1):
    - FBReactNativeSpec (= 0.64.2-1)
    - RCT-Folly (= 2020.01.13.00)
    - React-Core/RCTBlobHeaders (= 0.64.2-1)
    - React-Core/RCTWebSocket (= 0.64.2-1)
    - React-jsi (= 0.64.2-1)
    - React-RCTNetwork (= 0.64.2-1)
    - ReactCommon/turbomodule/core (= 0.64.2-1)
  - React-RCTImage (0.64.2-1):
    - FBReactNativeSpec (= 0.64.2-1)
    - RCT-Folly (= 2020.01.13.00)
    - RCTTypeSafety (= 0.64.2-1)
    - React-Core/RCTImageHeaders (= 0.64.2-1)
    - React-jsi (= 0.64.2-1)
    - React-RCTNetwork (= 0.64.2-1)
    - ReactCommon/turbomodule/core (= 0.64.2-1)
  - React-RCTLinking (0.64.2-1):
    - FBReactNativeSpec (= 0.64.2-1)
    - React-Core/RCTLinkingHeaders (= 0.64.2-1)
    - React-jsi (= 0.64.2-1)
    - ReactCommon/turbomodule/core (= 0.64.2-1)
  - React-RCTNetwork (0.64.2-1):
    - FBReactNativeSpec (= 0.64.2-1)
    - RCT-Folly (= 2020.01.13.00)
    - RCTTypeSafety (= 0.64.2-1)
    - React-Core/RCTNetworkHeaders (= 0.64.2-1)
    - React-jsi (= 0.64.2-1)
    - ReactCommon/turbomodule/core (= 0.64.2-1)
  - React-RCTPushNotification (0.64.2-1):
    - FBReactNativeSpec (= 0.64.2-1)
    - RCTTypeSafety (= 0.64.2-1)
    - React-Core/RCTPushNotificationHeaders (= 0.64.2-1)
    - React-jsi (= 0.64.2-1)
    - ReactCommon/turbomodule/core (= 0.64.2-1)
  - React-RCTSettings (0.64.2-1):
    - FBReactNativeSpec (= 0.64.2-1)
    - RCT-Folly (= 2020.01.13.00)
    - RCTTypeSafety (= 0.64.2-1)
    - React-Core/RCTSettingsHeaders (= 0.64.2-1)
    - React-jsi (= 0.64.2-1)
    - ReactCommon/turbomodule/core (= 0.64.2-1)
  - React-RCTTest (0.64.2-1):
    - RCT-Folly (= 2020.01.13.00)
    - React-Core (= 0.64.2-1)
    - React-CoreModules (= 0.64.2-1)
    - React-jsi (= 0.64.2-1)
    - ReactCommon/turbomodule/core (= 0.64.2-1)
  - React-RCTText (0.64.2-1):
    - React-Core/RCTTextHeaders (= 0.64.2-1)
  - React-runtimeexecutor (0.64.2-1):
    - React-jsi (= 0.64.2-1)
  - ReactCommon/turbomodule/core (0.64.2-1):
    - DoubleConversion
    - glog
    - RCT-Folly (= 2020.01.13.00)
    - React-callinvoker (= 0.64.2-1)
    - React-Core (= 0.64.2-1)
    - React-cxxreact (= 0.64.2-1)
    - React-jsi (= 0.64.2-1)
    - React-perflogger (= 0.64.2-1)
  - ReactCommon/turbomodule/samples (0.64.2-1):
    - DoubleConversion
    - glog
    - RCT-Folly (= 2020.01.13.00)
    - React-callinvoker (= 0.64.2-1)
    - React-Core (= 0.64.2-1)
    - React-cxxreact (= 0.64.2-1)
    - React-jsi (= 0.64.2-1)
    - React-perflogger (= 0.64.2-1)
    - ReactCommon/turbomodule/core (= 0.64.2-1)
  - Yoga (1.14.0)

DEPENDENCIES:
  - DoubleConversion (from `../../third-party-podspecs/DoubleConversion.podspec`)
  - FBLazyVector (from `../../Libraries/FBLazyVector`)
  - FBReactNativeSpec (from `../../React/FBReactNativeSpec`)
  - glog (from `../../third-party-podspecs/glog.podspec`)
  - RCT-Folly (from `../../third-party-podspecs/RCT-Folly.podspec`)
  - RCTRequired (from `../../Libraries/RCTRequired`)
  - RCTTypeSafety (from `../../Libraries/TypeSafety`)
  - React (from `../../`)
  - React-callinvoker (from `../../ReactCommon/callinvoker`)
  - React-Core (from `../../`)
  - React-Core/DevSupport (from `../../`)
  - React-Core/RCTWebSocket (from `../../`)
  - React-CoreModules (from `../../React/CoreModules`)
  - React-cxxreact (from `../../ReactCommon/cxxreact`)
  - React-jsi (from `../../ReactCommon/jsi`)
  - React-jsiexecutor (from `../../ReactCommon/jsiexecutor`)
  - React-jsinspector (from `../../ReactCommon/jsinspector`)
  - React-perflogger (from `../../ReactCommon/reactperflogger`)
  - React-RCTAnimation (from `../../Libraries/NativeAnimation`)
  - React-RCTBlob (from `../../Libraries/Blob`)
  - React-RCTImage (from `../../Libraries/Image`)
  - React-RCTLinking (from `../../Libraries/LinkingIOS`)
  - React-RCTNetwork (from `../../Libraries/Network`)
  - React-RCTPushNotification (from `../../Libraries/PushNotificationIOS`)
  - React-RCTSettings (from `../../Libraries/Settings`)
  - React-RCTTest (from `./RCTTest`)
  - React-RCTText (from `../../Libraries/Text`)
  - React-runtimeexecutor (from `../../ReactCommon/runtimeexecutor`)
  - ReactCommon/turbomodule/core (from `../../ReactCommon`)
  - ReactCommon/turbomodule/samples (from `../../ReactCommon`)
  - Yoga (from `../../ReactCommon/yoga`)

SPEC REPOS:
  trunk:
    - boost-for-react-native

EXTERNAL SOURCES:
  DoubleConversion:
    :podspec: "../../third-party-podspecs/DoubleConversion.podspec"
  FBLazyVector:
    :path: "../../Libraries/FBLazyVector"
  FBReactNativeSpec:
    :path: "../../React/FBReactNativeSpec"
  glog:
    :podspec: "../../third-party-podspecs/glog.podspec"
  RCT-Folly:
    :podspec: "../../third-party-podspecs/RCT-Folly.podspec"
  RCTRequired:
    :path: "../../Libraries/RCTRequired"
  RCTTypeSafety:
    :path: "../../Libraries/TypeSafety"
  React:
    :path: "../../"
  React-callinvoker:
    :path: "../../ReactCommon/callinvoker"
  React-Core:
    :path: "../../"
  React-CoreModules:
    :path: "../../React/CoreModules"
  React-cxxreact:
    :path: "../../ReactCommon/cxxreact"
  React-jsi:
    :path: "../../ReactCommon/jsi"
  React-jsiexecutor:
    :path: "../../ReactCommon/jsiexecutor"
  React-jsinspector:
    :path: "../../ReactCommon/jsinspector"
  React-perflogger:
    :path: "../../ReactCommon/reactperflogger"
  React-RCTAnimation:
    :path: "../../Libraries/NativeAnimation"
  React-RCTBlob:
    :path: "../../Libraries/Blob"
  React-RCTImage:
    :path: "../../Libraries/Image"
  React-RCTLinking:
    :path: "../../Libraries/LinkingIOS"
  React-RCTNetwork:
    :path: "../../Libraries/Network"
  React-RCTPushNotification:
    :path: "../../Libraries/PushNotificationIOS"
  React-RCTSettings:
    :path: "../../Libraries/Settings"
  React-RCTTest:
    :path: "./RCTTest"
  React-RCTText:
    :path: "../../Libraries/Text"
  React-runtimeexecutor:
    :path: "../../ReactCommon/runtimeexecutor"
  ReactCommon:
    :path: "../../ReactCommon"
  Yoga:
    :path: "../../ReactCommon/yoga"

SPEC CHECKSUMS:
  boost-for-react-native: 39c7adb57c4e60d6c5479dd8623128eb5b3f0f2c
  DoubleConversion: cde416483dac037923206447da6e1454df403714
  FBLazyVector: ef2fe79f7bbeabfb35b9860567ef63f4dd7bd21d
  FBReactNativeSpec: 5a4d471fe80037109c0a9311c85568f91c52e1b8
  glog: 40a13f7840415b9a77023fbcae0f1e6f43192af3
  RCT-Folly: ec7a233ccc97cc556cf7237f0db1ff65b986f27c
  RCTRequired: 6ce1cc01e1921b27696340266d897eafc5a05b75
  RCTTypeSafety: b13519a361b655f7caea7040e950fae769dbb74b
  React: 67b5326e66d15b81d7fbdf571cc769c1fef3d795
  React-callinvoker: b62045f4a63c62154dcb8783d3ebc584f16fef94
  React-Core: bddc3b2fc1b693af2da3c3062fd8646dca8cef82
  React-CoreModules: 9bba0aea82455d7c84e3dad6e4091ee036f2ddb6
  React-cxxreact: 9d50bafb1328ea876be069884c1a1883ecfe14e2
  React-jsi: 208f9635f8236d3127d2818b589117f683d4ebd0
  React-jsiexecutor: bef1fa0af623bd8e9b4be4d3263112d54055e9d7
  React-jsinspector: 2ce169c05b4410ffc80adedac5e0b94deaa97155
  React-perflogger: 1946b926a6225e9e2a8bfb60b17503a9a0f8edb3
  React-RCTAnimation: c2eb78f617bcdd72e787252bd8b71d4dba5ce1c9
  React-RCTBlob: a89a0d853773ceb3abd7b9293a3244b911c867b6
  React-RCTImage: 4d64f6c1e068152694b7ad9fe02635d06d9fd945
  React-RCTLinking: 846550ea1b1f8d8442f48ae5bfa7be44e0baddc0
  React-RCTNetwork: e5cf877188d7865101ef57b10caf849fa4bd4c8a
  React-RCTPushNotification: ea1d34de014492122049fdf848ee9231626375d2
  React-RCTSettings: 7e1385fe1749883e07392bc44a8bbc4dddd9b011
  React-RCTTest: eece5095ef3ebc846d4e36d8657faff18d873aa9
  React-RCTText: cdab7879b7d879e2f4e5c76bc6ba55cb759a3673
  React-runtimeexecutor: d866e2367f95245cc61c8f868263a80b8b51c85e
  ReactCommon: bd932f044523d00b8bf160a96f4d617177fcdbc1
  Yoga: 2ab50ac2dd6f47edf1cb7c837b6f6a8d66cfc39d

PODFILE CHECKSUM: feb58836e4df5be85f8d74fd3459f139ce5bd248

COCOAPODS: 1.10.1
