PODS:
  - boost-for-react-native (1.63.0)
  - DoubleConversion (1.1.6)
  - Folly (2018.10.22.00):
    - boost-for-react-native
    - DoubleConversion
    - Folly/Default (= 2018.10.22.00)
    - glog
  - Folly/Default (2018.10.22.00):
    - boost-for-react-native
    - DoubleConversion
    - glog
  - glog (0.3.5)
  - React (1000.0.0):
    - React-Core (= 1000.0.0)
    - React-DevSupport (= 1000.0.0)
    - React-RCTAnimation (= 1000.0.0)
    - React-RCTBlob (= 1000.0.0)
    - React-RCTImage (= 1000.0.0)
    - React-RCTLinking (= 1000.0.0)
    - React-RCTNetwork (= 1000.0.0)
    - React-RCTSettings (= 1000.0.0)
    - React-RCTText (= 1000.0.0)
    - React-RCTWebSocket (= 1000.0.0)
  - React-ART (1000.0.0):
    - React-Core (= 1000.0.0)
  - React-Core (1000.0.0):
    - Folly (= 2018.10.22.00)
    - React-cxxreact (= 1000.0.0)
    - React-jsiexecutor (= 1000.0.0)
    - yoga (= 1000.0.0.React)
  - React-cxxreact (1000.0.0):
    - boost-for-react-native (= 1.63.0)
    - DoubleConversion
    - Folly (= 2018.10.22.00)
    - glog
    - React-jsinspector (= 1000.0.0)
  - React-DevSupport (1000.0.0):
    - React-Core (= 1000.0.0)
    - React-RCTWebSocket (= 1000.0.0)
  - React-fishhook (1000.0.0)
  - React-jscallinvoker (1000.0.0):
    - Folly (= 2018.10.22.00)
    - React-cxxreact (= 1000.0.0)
  - React-jsi (1000.0.0):
    - boost-for-react-native (= 1.63.0)
    - DoubleConversion
    - Folly (= 2018.10.22.00)
    - glog
    - React-jsi/Default (= 1000.0.0)
  - React-jsi/Default (1000.0.0):
    - boost-for-react-native (= 1.63.0)
    - DoubleConversion
    - Folly (= 2018.10.22.00)
    - glog
  - React-jsiexecutor (1000.0.0):
    - DoubleConversion
    - Folly (= 2018.10.22.00)
    - glog
    - React-cxxreact (= 1000.0.0)
    - React-jsi (= 1000.0.0)
  - React-jsinspector (1000.0.0)
  - React-RCTAnimation (1000.0.0):
    - React-Core (= 1000.0.0)
  - React-RCTBlob (1000.0.0):
    - React-Core (= 1000.0.0)
    - React-RCTNetwork (= 1000.0.0)
    - React-RCTWebSocket (= 1000.0.0)
  - React-RCTImage (1000.0.0):
    - React-Core (= 1000.0.0)
    - React-RCTNetwork (= 1000.0.0)
  - React-RCTLinking (1000.0.0):
    - React-Core (= 1000.0.0)
  - React-RCTNetwork (1000.0.0):
    - React-Core (= 1000.0.0)
  - React-RCTPushNotification (1000.0.0):
    - React-Core (= 1000.0.0)
  - React-RCTSettings (1000.0.0):
    - React-Core (= 1000.0.0)
  - React-RCTText (1000.0.0):
    - React-Core (= 1000.0.0)
  - React-RCTWebSocket (1000.0.0):
    - React-Core (= 1000.0.0)
    - React-fishhook (= 1000.0.0)
  - React-turbomodule-core (1000.0.0):
    - Folly (= 2018.10.22.00)
    - React-Core (= 1000.0.0)
    - React-cxxreact (= 1000.0.0)
    - React-jscallinvoker (= 1000.0.0)
    - React-jsi (= 1000.0.0)
    - React-turbomodule-core/core-ios (= 1000.0.0)
  - React-turbomodule-core/core-ios (1000.0.0):
    - Folly (= 2018.10.22.00)
    - React-Core (= 1000.0.0)
    - React-cxxreact (= 1000.0.0)
    - React-jscallinvoker (= 1000.0.0)
    - React-jsi (= 1000.0.0)
  - React-turbomodule-samples (1000.0.0):
    - Folly (= 2018.10.22.00)
    - React-Core (= 1000.0.0)
    - React-cxxreact (= 1000.0.0)
    - React-jsi (= 1000.0.0)
    - React-turbomodule-core (= 1000.0.0)
    - React-turbomodule-samples/samples-ios (= 1000.0.0)
  - React-turbomodule-samples/samples-ios (1000.0.0):
    - Folly (= 2018.10.22.00)
    - React-Core (= 1000.0.0)
    - React-cxxreact (= 1000.0.0)
    - React-jsi (= 1000.0.0)
    - React-turbomodule-core (= 1000.0.0)
  - yoga (1000.0.0.React)

DEPENDENCIES:
  - DoubleConversion (from `../third-party-podspecs/DoubleConversion.podspec`)
  - Folly (from `../third-party-podspecs/Folly.podspec`)
  - glog (from `../third-party-podspecs/glog.podspec`)
  - React (from `../`)
  - React-ART (from `../Libraries/ART`)
  - React-Core (from `../React`)
  - React-cxxreact (from `../ReactCommon/cxxreact`)
  - React-DevSupport (from `../React`)
  - React-fishhook (from `../Libraries/fishhook`)
  - React-jscallinvoker (from `../ReactCommon/jscallinvoker`)
  - React-jsi (from `../ReactCommon/jsi`)
  - React-jsiexecutor (from `../ReactCommon/jsiexecutor`)
  - React-jsinspector (from `../ReactCommon/jsinspector`)
  - React-RCTAnimation (from `../Libraries/NativeAnimation`)
  - React-RCTBlob (from `../Libraries/Blob`)
  - React-RCTImage (from `../Libraries/Image`)
  - React-RCTLinking (from `../Libraries/LinkingIOS`)
  - React-RCTNetwork (from `../Libraries/Network`)
  - React-RCTPushNotification (from `../Libraries/PushNotificationIOS`)
  - React-RCTSettings (from `../Libraries/Settings`)
  - React-RCTText (from `../Libraries/Text`)
  - React-RCTWebSocket (from `../Libraries/WebSocket`)
  - React-turbomodule-core (from `../ReactCommon/turbomodule/core`)
  - React-turbomodule-samples (from `../ReactCommon/turbomodule/samples`)
  - yoga (from `../ReactCommon/yoga`)

SPEC REPOS:
  https://github.com/cocoapods/specs.git:
    - boost-for-react-native

EXTERNAL SOURCES:
  DoubleConversion:
    :podspec: "../third-party-podspecs/DoubleConversion.podspec"
  Folly:
    :podspec: "../third-party-podspecs/Folly.podspec"
  glog:
    :podspec: "../third-party-podspecs/glog.podspec"
  React:
    :path: "../"
  React-ART:
    :path: "../Libraries/ART"
  React-Core:
    :path: "../React"
  React-cxxreact:
    :path: "../ReactCommon/cxxreact"
  React-DevSupport:
    :path: "../React"
  React-fishhook:
    :path: "../Libraries/fishhook"
  React-jscallinvoker:
    :path: "../ReactCommon/jscallinvoker"
  React-jsi:
    :path: "../ReactCommon/jsi"
  React-jsiexecutor:
    :path: "../ReactCommon/jsiexecutor"
  React-jsinspector:
    :path: "../ReactCommon/jsinspector"
  React-RCTAnimation:
    :path: "../Libraries/NativeAnimation"
  React-RCTBlob:
    :path: "../Libraries/Blob"
  React-RCTImage:
    :path: "../Libraries/Image"
  React-RCTLinking:
    :path: "../Libraries/LinkingIOS"
  React-RCTNetwork:
    :path: "../Libraries/Network"
  React-RCTPushNotification:
    :path: "../Libraries/PushNotificationIOS"
  React-RCTSettings:
    :path: "../Libraries/Settings"
  React-RCTText:
    :path: "../Libraries/Text"
  React-RCTWebSocket:
    :path: "../Libraries/WebSocket"
  React-turbomodule-core:
    :path: "../ReactCommon/turbomodule/core"
  React-turbomodule-samples:
    :path: "../ReactCommon/turbomodule/samples"
  yoga:
    :path: "../ReactCommon/yoga"

SPEC CHECKSUMS:
  boost-for-react-native: 39c7adb57c4e60d6c5479dd8623128eb5b3f0f2c
  DoubleConversion: 5805e889d232975c086db112ece9ed034df7a0b2
  Folly: 30e7936e1c45c08d884aa59369ed951a8e68cf51
  glog: 1f3da668190260b06b429bb211bfbee5cd790c28
  React: 96cb7c6890254d95960b21cfbff065f5ea072c4e
  React-ART: fc99682284c864814938576994595defb6073229
  React-Core: 8975879c6f42634b28ba49ec790a64221b4f374d
  React-cxxreact: 803e1fdcb5cb6a9eb951f0ba9589ca333cc2f4e7
  React-DevSupport: 209670e55b7771024f408358b9f973b82fa0af82
  React-fishhook: beb6399641b2897546b53188d181e0dedcdeb07b
  React-jscallinvoker: 918383e2abecf564fab4bf1fd21c2e9c848a97b5
  React-jsi: ed6d8e0ac3655957d0bb79f5c79df99317b1b6f2
  React-jsiexecutor: 6018e45690ab00f3d26ae2580b1b1dccc432200b
  React-jsinspector: 5da74856b9509250ea581848cb59c386935deef3
  React-RCTAnimation: 2af7188714ff347d38542edc7451e876a50ec7e9
  React-RCTBlob: 3923a964f150d35d2c69d0e19b672cb3596affff
  React-RCTImage: c76a074fc7a4569640863180dc8e6b64ecd9891d
  React-RCTLinking: 42a8e229c9679c93715dee78abdf4417f77c051d
  React-RCTNetwork: 29096a6cab59d0b3c8a09db46dbedc19fc089edc
  React-RCTPushNotification: a130133c53c0ce675cd625c0b625ef0b58eec049
  React-RCTSettings: 235f8ec80c81d8d2da6505c023e3f29a8ba8e001
  React-RCTText: ec50a9b9f0c454bd65819cafa332a466e8eb6e19
  React-RCTWebSocket: bb8f93a00194b5544020d7c28333abf342e10a65
  React-turbomodule-core: 31729ef30651d1a63caefaf605fa7397ab9c25ba
  React-turbomodule-samples: 7d520a42409f9ab720b10fc88cef0c5155ebf02e
  yoga: 487f8b5b583439f61a50865b5f3c2229339c8a02

PODFILE CHECKSUM: f67e9d6166835ccf2c1352d94be74a1d19ed6c34

COCOAPODS: 1.7.5
